{
  "requires": true,
  "lockfileVersion": 1,
  "dependencies": {
    "react-native-tracking-transparency": {
      "version": "0.1.0",
      "resolved": "https://registry.npmjs.org/react-native-tracking-transparency/-/react-native-tracking-transparency-0.1.0.tgz",
      "integrity": "sha512-daq2bPV4Yme4dpSHEL1iJLVqbV14bLjyIdaMfMQ1XAfGDtGToyq4Fb18hKeObLKP8w2TYHaUUErPoIwNuqtORA=="
    }
  }
}
