// !$*UTF8*$!
{
	archiveVersion = 1;
	classes = {
	};
	objectVersion = 46;
	objects = {

/* Begin PBXBuildFile section */
		1A88B2641FC3D9C9005C14AE /* Images.xcassets in Resources */ = {isa = PBXBuildFile; fileRef = 1A88B2631FC3D9C9005C14AE /* Images.xcassets */; };
		1AC6FB21180E996B004C840B /* libcocos2d Mac.a in Frameworks */ = {isa = PBXBuildFile; fileRef = 1AC6FAF9180E9839004C840B /* libcocos2d Mac.a */; };
		1AC6FB30180E99EB004C840B /* libcocos2d iOS.a in Frameworks */ = {isa = PBXBuildFile; fileRef = 1AC6FB07180E9839004C840B /* libcocos2d iOS.a */; };
		1AF87B781F6F77F7007BE51C /* AppController.mm in Sources */ = {isa = PBXBuildFile; fileRef = 1AF87B481F6F77D6007BE51C /* AppController.mm */; };
		1AF87B881F6F781D007BE51C /* LaunchScreen.storyboard in Resources */ = {isa = PBXBuildFile; fileRef = 1AF87B591F6F77D6007BE51C /* LaunchScreen.storyboard */; };
		1AF87B891F6F781D007BE51C /* LaunchScreenBackground.png in Resources */ = {isa = PBXBuildFile; fileRef = 1AF87B5A1F6F77D6007BE51C /* LaunchScreenBackground.png */; };
		1AF87B8A1F6F7822007BE51C /* main.m in Sources */ = {isa = PBXBuildFile; fileRef = 1AF87B5B1F6F77D6007BE51C /* main.m */; };
		1AF87B8B1F6F782A007BE51C /* RootViewController.mm in Sources */ = {isa = PBXBuildFile; fileRef = 1AF87B5E1F6F77D6007BE51C /* RootViewController.mm */; };
		1D60589F0D05DD5A006BFB54 /* Foundation.framework in Frameworks */ = {isa = PBXBuildFile; fileRef = 1D30AB110D05D00D00671497 /* Foundation.framework */; };
		1DF5F4E00D08C38300B7A737 /* UIKit.framework in Frameworks */ = {isa = PBXBuildFile; fileRef = 1DF5F4DF0D08C38300B7A737 /* UIKit.framework */; };
		288765A50DF7441C002DB57D /* CoreGraphics.framework in Frameworks */ = {isa = PBXBuildFile; fileRef = 288765A40DF7441C002DB57D /* CoreGraphics.framework */; };
		294D0D641D0D56D500F7F5D4 /* CoreText.framework in Frameworks */ = {isa = PBXBuildFile; fileRef = 294D0D631D0D56D500F7F5D4 /* CoreText.framework */; };
		503AE0F817EB97AB00D1A890 /* Icon.icns in Resources */ = {isa = PBXBuildFile; fileRef = 503AE0F617EB97AB00D1A890 /* Icon.icns */; };
		503AE10517EB98FF00D1A890 /* main.cpp in Sources */ = {isa = PBXBuildFile; fileRef = 503AE10317EB98FF00D1A890 /* main.cpp */; };
		503AE11B17EB9C5A00D1A890 /* IOKit.framework in Frameworks */ = {isa = PBXBuildFile; fileRef = 503AE11A17EB9C5A00D1A890 /* IOKit.framework */; };
		5087E76317EB910900C73F5D /* Foundation.framework in Frameworks */ = {isa = PBXBuildFile; fileRef = 1D30AB110D05D00D00671497 /* Foundation.framework */; };
		5087E76717EB910900C73F5D /* libz.dylib in Frameworks */ = {isa = PBXBuildFile; fileRef = BF170DB412928DE900B8313A /* libz.dylib */; };
		5087E76817EB910900C73F5D /* QuartzCore.framework in Frameworks */ = {isa = PBXBuildFile; fileRef = BF1C47EA1293683800B63C5D /* QuartzCore.framework */; };
		5087E76917EB910900C73F5D /* OpenAL.framework in Frameworks */ = {isa = PBXBuildFile; fileRef = D44C620B132DFF330009C878 /* OpenAL.framework */; };
		5087E76A17EB910900C73F5D /* AVFoundation.framework in Frameworks */ = {isa = PBXBuildFile; fileRef = D44C620D132DFF430009C878 /* AVFoundation.framework */; };
		5087E76B17EB910900C73F5D /* AudioToolbox.framework in Frameworks */ = {isa = PBXBuildFile; fileRef = D44C620F132DFF4E0009C878 /* AudioToolbox.framework */; };
		5087E78917EB974C00C73F5D /* AppKit.framework in Frameworks */ = {isa = PBXBuildFile; fileRef = 5087E78817EB974C00C73F5D /* AppKit.framework */; };
		5087E78B17EB975400C73F5D /* OpenGL.framework in Frameworks */ = {isa = PBXBuildFile; fileRef = 5087E78A17EB975400C73F5D /* OpenGL.framework */; };
		52B47A471A53D09C004E4C60 /* Security.framework in Frameworks */ = {isa = PBXBuildFile; fileRef = 52B47A461A53D09B004E4C60 /* Security.framework */; };
		596A81E8DAA50B1E3B1D19AB /* libPods-CartoonCraftNV-mobile.a in Frameworks */ = {isa = PBXBuildFile; fileRef = 8AFFC7F496422D03BFC58F48 /* libPods-CartoonCraftNV-mobile.a */; };
		8262943E1AAF051F00CB7CF7 /* Security.framework in Frameworks */ = {isa = PBXBuildFile; fileRef = 8262943D1AAF051F00CB7CF7 /* Security.framework */; };
		BF171245129291EC00B8313A /* OpenGLES.framework in Frameworks */ = {isa = PBXBuildFile; fileRef = BF170DB012928DE900B8313A /* OpenGLES.framework */; };
		BF1712471292920000B8313A /* libz.dylib in Frameworks */ = {isa = PBXBuildFile; fileRef = BF170DB412928DE900B8313A /* libz.dylib */; };
		BF1C47F01293687400B63C5D /* QuartzCore.framework in Frameworks */ = {isa = PBXBuildFile; fileRef = BF1C47EA1293683800B63C5D /* QuartzCore.framework */; };
		D44C620C132DFF330009C878 /* OpenAL.framework in Frameworks */ = {isa = PBXBuildFile; fileRef = D44C620B132DFF330009C878 /* OpenAL.framework */; };
		D44C620E132DFF430009C878 /* AVFoundation.framework in Frameworks */ = {isa = PBXBuildFile; fileRef = D44C620D132DFF430009C878 /* AVFoundation.framework */; };
		D44C6210132DFF4E0009C878 /* AudioToolbox.framework in Frameworks */ = {isa = PBXBuildFile; fileRef = D44C620F132DFF4E0009C878 /* AudioToolbox.framework */; };
		D6B0611B1803AB670077942B /* CoreMotion.framework in Frameworks */ = {isa = PBXBuildFile; fileRef = D6B0611A1803AB670077942B /* CoreMotion.framework */; };
		EC08EB9E2281550A0024D60B /* nanopb.framework in Frameworks */ = {isa = PBXBuildFile; fileRef = EC08EB992281550A0024D60B /* nanopb.framework */; };
		EC08EB9F2281550A0024D60B /* GoogleAppMeasurement.framework in Frameworks */ = {isa = PBXBuildFile; fileRef = EC08EB9B2281550A0024D60B /* GoogleAppMeasurement.framework */; };
		EC08EBA02281550A0024D60B /* GoogleMobileAds.framework in Frameworks */ = {isa = PBXBuildFile; fileRef = EC08EB9C2281550A0024D60B /* GoogleMobileAds.framework */; };
		EC08EBA12281550A0024D60B /* GoogleUtilities.framework in Frameworks */ = {isa = PBXBuildFile; fileRef = EC08EB9D2281550A0024D60B /* GoogleUtilities.framework */; };
		EC36973C221D9BCC00681881 /* Node_Class.cpp in Sources */ = {isa = PBXBuildFile; fileRef = EC369738221D9BCC00681881 /* Node_Class.cpp */; };
		EC36973D221D9BCC00681881 /* Node_Class.cpp in Sources */ = {isa = PBXBuildFile; fileRef = EC369738221D9BCC00681881 /* Node_Class.cpp */; };
		EC36973E221D9BCC00681881 /* Location_Node_Class.cpp in Sources */ = {isa = PBXBuildFile; fileRef = EC36973B221D9BCC00681881 /* Location_Node_Class.cpp */; };
		EC36973F221D9BCC00681881 /* Location_Node_Class.cpp in Sources */ = {isa = PBXBuildFile; fileRef = EC36973B221D9BCC00681881 /* Location_Node_Class.cpp */; };
		EC36976A221DB12600681881 /* AStar.cpp in Sources */ = {isa = PBXBuildFile; fileRef = EC369769221DB12600681881 /* AStar.cpp */; };
		EC36976B221DB12600681881 /* AStar.cpp in Sources */ = {isa = PBXBuildFile; fileRef = EC369769221DB12600681881 /* AStar.cpp */; };
		EC37968922D0E12D0064E660 /* whiteCircleLine.png in Resources */ = {isa = PBXBuildFile; fileRef = EC37968622D0E12D0064E660 /* whiteCircleLine.png */; };
		EC37968A22D0E12D0064E660 /* whiteCircleLine.png in Resources */ = {isa = PBXBuildFile; fileRef = EC37968622D0E12D0064E660 /* whiteCircleLine.png */; };
		EC37968B22D0E12D0064E660 /* whiteShortLine.png in Resources */ = {isa = PBXBuildFile; fileRef = EC37968822D0E12D0064E660 /* whiteShortLine.png */; };
		EC37968C22D0E12D0064E660 /* whiteShortLine.png in Resources */ = {isa = PBXBuildFile; fileRef = EC37968822D0E12D0064E660 /* whiteShortLine.png */; };
		EC37968F22D0F52D0064E660 /* whiteBigCircle.png in Resources */ = {isa = PBXBuildFile; fileRef = EC37968E22D0F52C0064E660 /* whiteBigCircle.png */; };
		EC37969022D0F52D0064E660 /* whiteBigCircle.png in Resources */ = {isa = PBXBuildFile; fileRef = EC37968E22D0F52C0064E660 /* whiteBigCircle.png */; };
		EC37969222D1C4D90064E660 /* shadow.png in Resources */ = {isa = PBXBuildFile; fileRef = EC37969122D1C4D90064E660 /* shadow.png */; };
		EC37969322D1C4D90064E660 /* shadow.png in Resources */ = {isa = PBXBuildFile; fileRef = EC37969122D1C4D90064E660 /* shadow.png */; };
		EC37969822D715DB0064E660 /* effect.plist in Resources */ = {isa = PBXBuildFile; fileRef = EC37969622D715DA0064E660 /* effect.plist */; };
		EC37969922D715DB0064E660 /* effect.plist in Resources */ = {isa = PBXBuildFile; fileRef = EC37969622D715DA0064E660 /* effect.plist */; };
		EC37969A22D715DB0064E660 /* effect.png in Resources */ = {isa = PBXBuildFile; fileRef = EC37969722D715DA0064E660 /* effect.png */; };
		EC37969B22D715DB0064E660 /* effect.png in Resources */ = {isa = PBXBuildFile; fileRef = EC37969722D715DA0064E660 /* effect.png */; };
		EC3A646621F6E58700CBA3DE /* cartoonCraftBuilding.png in Resources */ = {isa = PBXBuildFile; fileRef = EC3A646321F6E58600CBA3DE /* cartoonCraftBuilding.png */; };
		EC3A646721F6E58700CBA3DE /* cartoonCraftBuilding.png in Resources */ = {isa = PBXBuildFile; fileRef = EC3A646321F6E58600CBA3DE /* cartoonCraftBuilding.png */; };
		EC3A646821F6E58700CBA3DE /* cartoonCraftBuilding.plist in Resources */ = {isa = PBXBuildFile; fileRef = EC3A646521F6E58600CBA3DE /* cartoonCraftBuilding.plist */; };
		EC3A646921F6E58700CBA3DE /* cartoonCraftBuilding.plist in Resources */ = {isa = PBXBuildFile; fileRef = EC3A646521F6E58600CBA3DE /* cartoonCraftBuilding.plist */; };
		EC4106392243D35300F2748B /* spine in Resources */ = {isa = PBXBuildFile; fileRef = EC4106382243D35300F2748B /* spine */; };
		EC41063A2243D35300F2748B /* spine in Resources */ = {isa = PBXBuildFile; fileRef = EC4106382243D35300F2748B /* spine */; };
		EC4106412244422600F2748B /* BattleHud.cpp in Sources */ = {isa = PBXBuildFile; fileRef = EC41063F2244422600F2748B /* BattleHud.cpp */; };
		EC4106422244422600F2748B /* BattleHud.cpp in Sources */ = {isa = PBXBuildFile; fileRef = EC41063F2244422600F2748B /* BattleHud.cpp */; };
		EC4106442245F64D00F2748B /* cartoonCraftLanguageSheet in Resources */ = {isa = PBXBuildFile; fileRef = EC4106432245F64C00F2748B /* cartoonCraftLanguageSheet */; };
		EC4106452245F64D00F2748B /* cartoonCraftLanguageSheet in Resources */ = {isa = PBXBuildFile; fileRef = EC4106432245F64C00F2748B /* cartoonCraftLanguageSheet */; };
		EC410649224D15FC00F2748B /* BuggyServerManager.cpp in Sources */ = {isa = PBXBuildFile; fileRef = EC410648224D15FC00F2748B /* BuggyServerManager.cpp */; };
		EC41064A224D15FC00F2748B /* BuggyServerManager.cpp in Sources */ = {isa = PBXBuildFile; fileRef = EC410648224D15FC00F2748B /* BuggyServerManager.cpp */; };
		EC45565B2193144300B8F9C9 /* GameCenterHelper.mm in Sources */ = {isa = PBXBuildFile; fileRef = EC45565A2193144300B8F9C9 /* GameCenterHelper.mm */; };
		EC45565E2193175C00B8F9C9 /* Ios_BillingManager.mm in Sources */ = {isa = PBXBuildFile; fileRef = EC45565D2193175C00B8F9C9 /* Ios_BillingManager.mm */; };
		EC455668219338B500B8F9C9 /* UnityAds.framework in Frameworks */ = {isa = PBXBuildFile; fileRef = EC455667219338B500B8F9C9 /* UnityAds.framework */; };
		EC4D67B322C3C9FF00DB94F9 /* InfoPlist.strings in Resources */ = {isa = PBXBuildFile; fileRef = EC4D67B522C3C9FF00DB94F9 /* InfoPlist.strings */; };
		EC4EDC872178CA51001C1C7E /* SneakyJoystick.cpp in Sources */ = {isa = PBXBuildFile; fileRef = EC4EDC522178CA4C001C1C7E /* SneakyJoystick.cpp */; };
		EC4EDC882178CA51001C1C7E /* SneakyJoystick.cpp in Sources */ = {isa = PBXBuildFile; fileRef = EC4EDC522178CA4C001C1C7E /* SneakyJoystick.cpp */; };
		EC4EDC892178CA51001C1C7E /* LanguageManager.cpp in Sources */ = {isa = PBXBuildFile; fileRef = EC4EDC532178CA4C001C1C7E /* LanguageManager.cpp */; };
		EC4EDC8A2178CA51001C1C7E /* LanguageManager.cpp in Sources */ = {isa = PBXBuildFile; fileRef = EC4EDC532178CA4C001C1C7E /* LanguageManager.cpp */; };
		EC4EDC8B2178CA51001C1C7E /* LegendDaryButton.cpp in Sources */ = {isa = PBXBuildFile; fileRef = EC4EDC562178CA4C001C1C7E /* LegendDaryButton.cpp */; };
		EC4EDC8C2178CA51001C1C7E /* LegendDaryButton.cpp in Sources */ = {isa = PBXBuildFile; fileRef = EC4EDC562178CA4C001C1C7E /* LegendDaryButton.cpp */; };
		EC4EDC8D2178CA51001C1C7E /* Enemies.cpp in Sources */ = {isa = PBXBuildFile; fileRef = EC4EDC572178CA4C001C1C7E /* Enemies.cpp */; };
		EC4EDC8E2178CA51001C1C7E /* Enemies.cpp in Sources */ = {isa = PBXBuildFile; fileRef = EC4EDC572178CA4C001C1C7E /* Enemies.cpp */; };
		EC4EDC8F2178CA51001C1C7E /* Intro.cpp in Sources */ = {isa = PBXBuildFile; fileRef = EC4EDC5A2178CA4C001C1C7E /* Intro.cpp */; };
		EC4EDC902178CA51001C1C7E /* Intro.cpp in Sources */ = {isa = PBXBuildFile; fileRef = EC4EDC5A2178CA4C001C1C7E /* Intro.cpp */; };
		EC4EDC912178CA51001C1C7E /* EventInfo.cpp in Sources */ = {isa = PBXBuildFile; fileRef = EC4EDC5D2178CA4C001C1C7E /* EventInfo.cpp */; };
		EC4EDC922178CA51001C1C7E /* EventInfo.cpp in Sources */ = {isa = PBXBuildFile; fileRef = EC4EDC5D2178CA4C001C1C7E /* EventInfo.cpp */; };
		EC4EDC932178CA51001C1C7E /* Fog.cpp in Sources */ = {isa = PBXBuildFile; fileRef = EC4EDC602178CA4D001C1C7E /* Fog.cpp */; };
		EC4EDC942178CA51001C1C7E /* Fog.cpp in Sources */ = {isa = PBXBuildFile; fileRef = EC4EDC602178CA4D001C1C7E /* Fog.cpp */; };
		EC4EDC952178CA51001C1C7E /* Title.cpp in Sources */ = {isa = PBXBuildFile; fileRef = EC4EDC622178CA4D001C1C7E /* Title.cpp */; };
		EC4EDC962178CA51001C1C7E /* Title.cpp in Sources */ = {isa = PBXBuildFile; fileRef = EC4EDC622178CA4D001C1C7E /* Title.cpp */; };
		EC4EDC972178CA51001C1C7E /* AppDelegate.cpp in Sources */ = {isa = PBXBuildFile; fileRef = EC4EDC632178CA4D001C1C7E /* AppDelegate.cpp */; };
		EC4EDC982178CA51001C1C7E /* AppDelegate.cpp in Sources */ = {isa = PBXBuildFile; fileRef = EC4EDC632178CA4D001C1C7E /* AppDelegate.cpp */; };
		EC4EDC992178CA51001C1C7E /* GameSharing.cpp in Sources */ = {isa = PBXBuildFile; fileRef = EC4EDC652178CA4D001C1C7E /* GameSharing.cpp */; };
		EC4EDC9A2178CA51001C1C7E /* GameSharing.cpp in Sources */ = {isa = PBXBuildFile; fileRef = EC4EDC652178CA4D001C1C7E /* GameSharing.cpp */; };
		EC4EDC9B2178CA51001C1C7E /* EditorWorld.cpp in Sources */ = {isa = PBXBuildFile; fileRef = EC4EDC662178CA4D001C1C7E /* EditorWorld.cpp */; };
		EC4EDC9C2178CA51001C1C7E /* EditorWorld.cpp in Sources */ = {isa = PBXBuildFile; fileRef = EC4EDC662178CA4D001C1C7E /* EditorWorld.cpp */; };
		EC4EDC9D2178CA51001C1C7E /* PPLabel.cpp in Sources */ = {isa = PBXBuildFile; fileRef = EC4EDC682178CA4D001C1C7E /* PPLabel.cpp */; };
		EC4EDC9E2178CA51001C1C7E /* PPLabel.cpp in Sources */ = {isa = PBXBuildFile; fileRef = EC4EDC682178CA4D001C1C7E /* PPLabel.cpp */; };
		EC4EDCA32178CA51001C1C7E /* Inventory.cpp in Sources */ = {isa = PBXBuildFile; fileRef = EC4EDC702178CA4E001C1C7E /* Inventory.cpp */; };
		EC4EDCA42178CA51001C1C7E /* Inventory.cpp in Sources */ = {isa = PBXBuildFile; fileRef = EC4EDC702178CA4E001C1C7E /* Inventory.cpp */; };
		EC4EDCA52178CA51001C1C7E /* Movable.cpp in Sources */ = {isa = PBXBuildFile; fileRef = EC4EDC712178CA4E001C1C7E /* Movable.cpp */; };
		EC4EDCA62178CA51001C1C7E /* Movable.cpp in Sources */ = {isa = PBXBuildFile; fileRef = EC4EDC712178CA4E001C1C7E /* Movable.cpp */; };
		EC4EDCA72178CA51001C1C7E /* EndingCredit.cpp in Sources */ = {isa = PBXBuildFile; fileRef = EC4EDC722178CA4F001C1C7E /* EndingCredit.cpp */; };
		EC4EDCA82178CA51001C1C7E /* EndingCredit.cpp in Sources */ = {isa = PBXBuildFile; fileRef = EC4EDC722178CA4F001C1C7E /* EndingCredit.cpp */; };
		EC4EDCAB2178CA51001C1C7E /* GameManager.cpp in Sources */ = {isa = PBXBuildFile; fileRef = EC4EDC752178CA4F001C1C7E /* GameManager.cpp */; };
		EC4EDCAC2178CA51001C1C7E /* GameManager.cpp in Sources */ = {isa = PBXBuildFile; fileRef = EC4EDC752178CA4F001C1C7E /* GameManager.cpp */; };
		EC4EDCAD2178CA51001C1C7E /* HelloWorldScene.cpp in Sources */ = {isa = PBXBuildFile; fileRef = EC4EDC762178CA4F001C1C7E /* HelloWorldScene.cpp */; };
		EC4EDCAE2178CA51001C1C7E /* HelloWorldScene.cpp in Sources */ = {isa = PBXBuildFile; fileRef = EC4EDC762178CA4F001C1C7E /* HelloWorldScene.cpp */; };
		EC4EDCAF2178CA51001C1C7E /* AwesomeDialogBox.cpp in Sources */ = {isa = PBXBuildFile; fileRef = EC4EDC782178CA4F001C1C7E /* AwesomeDialogBox.cpp */; };
		EC4EDCB02178CA51001C1C7E /* AwesomeDialogBox.cpp in Sources */ = {isa = PBXBuildFile; fileRef = EC4EDC782178CA4F001C1C7E /* AwesomeDialogBox.cpp */; };
		EC4EDCB12178CA51001C1C7E /* SneakyJoystickSkinnedBase.cpp in Sources */ = {isa = PBXBuildFile; fileRef = EC4EDC792178CA4F001C1C7E /* SneakyJoystickSkinnedBase.cpp */; };
		EC4EDCB22178CA51001C1C7E /* SneakyJoystickSkinnedBase.cpp in Sources */ = {isa = PBXBuildFile; fileRef = EC4EDC792178CA4F001C1C7E /* SneakyJoystickSkinnedBase.cpp */; };
		EC4EDCB32178CA51001C1C7E /* HudLayer.cpp in Sources */ = {isa = PBXBuildFile; fileRef = EC4EDC7A2178CA50001C1C7E /* HudLayer.cpp */; };
		EC4EDCB42178CA51001C1C7E /* HudLayer.cpp in Sources */ = {isa = PBXBuildFile; fileRef = EC4EDC7A2178CA50001C1C7E /* HudLayer.cpp */; };
		EC4EDCB52178CA51001C1C7E /* EditorHud.cpp in Sources */ = {isa = PBXBuildFile; fileRef = EC4EDC802178CA51001C1C7E /* EditorHud.cpp */; };
		EC4EDCB62178CA51001C1C7E /* EditorHud.cpp in Sources */ = {isa = PBXBuildFile; fileRef = EC4EDC802178CA51001C1C7E /* EditorHud.cpp */; };
		EC4EDCB72178CA51001C1C7E /* Laser.cpp in Sources */ = {isa = PBXBuildFile; fileRef = EC4EDC822178CA51001C1C7E /* Laser.cpp */; };
		EC4EDCB82178CA51001C1C7E /* Laser.cpp in Sources */ = {isa = PBXBuildFile; fileRef = EC4EDC822178CA51001C1C7E /* Laser.cpp */; };
		EC4EDCC72178CA63001C1C7E /* CartoonCraftNumber.png in Resources */ = {isa = PBXBuildFile; fileRef = EC4EDCB92178CA62001C1C7E /* CartoonCraftNumber.png */; };
		EC4EDCC82178CA63001C1C7E /* CartoonCraftNumber.png in Resources */ = {isa = PBXBuildFile; fileRef = EC4EDCB92178CA62001C1C7E /* CartoonCraftNumber.png */; };
		EC4EDCC92178CA63001C1C7E /* cartoonCraft.png in Resources */ = {isa = PBXBuildFile; fileRef = EC4EDCBA2178CA62001C1C7E /* cartoonCraft.png */; };
		EC4EDCCA2178CA63001C1C7E /* cartoonCraft.png in Resources */ = {isa = PBXBuildFile; fileRef = EC4EDCBA2178CA62001C1C7E /* cartoonCraft.png */; };
		EC4EDCCB2178CA63001C1C7E /* cartoonCraft.plist in Resources */ = {isa = PBXBuildFile; fileRef = EC4EDCBB2178CA62001C1C7E /* cartoonCraft.plist */; };
		EC4EDCCC2178CA63001C1C7E /* cartoonCraft.plist in Resources */ = {isa = PBXBuildFile; fileRef = EC4EDCBB2178CA62001C1C7E /* cartoonCraft.plist */; };
		EC4EDCCD2178CA63001C1C7E /* sdkbox_config.json in Resources */ = {isa = PBXBuildFile; fileRef = EC4EDCBC2178CA62001C1C7E /* sdkbox_config.json */; };
		EC4EDCCE2178CA63001C1C7E /* sdkbox_config.json in Resources */ = {isa = PBXBuildFile; fileRef = EC4EDCBC2178CA62001C1C7E /* sdkbox_config.json */; };
		EC4EDCCF2178CA63001C1C7E /* cartoonCraftEffect.plist in Resources */ = {isa = PBXBuildFile; fileRef = EC4EDCBD2178CA62001C1C7E /* cartoonCraftEffect.plist */; };
		EC4EDCD02178CA63001C1C7E /* cartoonCraftEffect.plist in Resources */ = {isa = PBXBuildFile; fileRef = EC4EDCBD2178CA62001C1C7E /* cartoonCraftEffect.plist */; };
		EC4EDCD12178CA63001C1C7E /* CartoonCraftNumber.plist in Resources */ = {isa = PBXBuildFile; fileRef = EC4EDCBE2178CA63001C1C7E /* CartoonCraftNumber.plist */; };
		EC4EDCD22178CA63001C1C7E /* CartoonCraftNumber.plist in Resources */ = {isa = PBXBuildFile; fileRef = EC4EDCBE2178CA63001C1C7E /* CartoonCraftNumber.plist */; };
		EC4EDCD32178CA63001C1C7E /* cartoonCraftEffect.png in Resources */ = {isa = PBXBuildFile; fileRef = EC4EDCBF2178CA63001C1C7E /* cartoonCraftEffect.png */; };
		EC4EDCD42178CA63001C1C7E /* cartoonCraftEffect.png in Resources */ = {isa = PBXBuildFile; fileRef = EC4EDCBF2178CA63001C1C7E /* cartoonCraftEffect.png */; };
		EC4EDCD52178CA63001C1C7E /* fonts in Resources */ = {isa = PBXBuildFile; fileRef = EC4EDCC02178CA63001C1C7E /* fonts */; };
		EC4EDCD62178CA63001C1C7E /* fonts in Resources */ = {isa = PBXBuildFile; fileRef = EC4EDCC02178CA63001C1C7E /* fonts */; };
		EC4EDCD72178CA63001C1C7E /* useMapSetting in Resources */ = {isa = PBXBuildFile; fileRef = EC4EDCC12178CA63001C1C7E /* useMapSetting */; };
		EC4EDCD82178CA63001C1C7E /* useMapSetting in Resources */ = {isa = PBXBuildFile; fileRef = EC4EDCC12178CA63001C1C7E /* useMapSetting */; };
		EC4EDCDB2178CA63001C1C7E /* res in Resources */ = {isa = PBXBuildFile; fileRef = EC4EDCC32178CA63001C1C7E /* res */; };
		EC4EDCDC2178CA63001C1C7E /* res in Resources */ = {isa = PBXBuildFile; fileRef = EC4EDCC32178CA63001C1C7E /* res */; };
		EC4EDCDD2178CA63001C1C7E /* animations.plist in Resources */ = {isa = PBXBuildFile; fileRef = EC4EDCC42178CA63001C1C7E /* animations.plist */; };
		EC4EDCDE2178CA63001C1C7E /* animations.plist in Resources */ = {isa = PBXBuildFile; fileRef = EC4EDCC42178CA63001C1C7E /* animations.plist */; };
		EC4EDCDF2178CA63001C1C7E /* tilemap in Resources */ = {isa = PBXBuildFile; fileRef = EC4EDCC52178CA63001C1C7E /* tilemap */; };
		EC4EDCE02178CA63001C1C7E /* tilemap in Resources */ = {isa = PBXBuildFile; fileRef = EC4EDCC52178CA63001C1C7E /* tilemap */; };
		EC4EDCE12178CA63001C1C7E /* sounds in Resources */ = {isa = PBXBuildFile; fileRef = EC4EDCC62178CA63001C1C7E /* sounds */; };
		EC4EDCE22178CA63001C1C7E /* sounds in Resources */ = {isa = PBXBuildFile; fileRef = EC4EDCC62178CA63001C1C7E /* sounds */; };
		EC4EDCE42179758C001C1C7E /* GameKit.framework in Frameworks */ = {isa = PBXBuildFile; fileRef = EC4EDCE32179758C001C1C7E /* GameKit.framework */; };
		EC4EDCE62179758F001C1C7E /* StoreKit.framework in Frameworks */ = {isa = PBXBuildFile; fileRef = EC4EDCE52179758F001C1C7E /* StoreKit.framework */; };
		EC65F649225CDC5E0028DF69 /* FindMatch.cpp in Sources */ = {isa = PBXBuildFile; fileRef = EC65F647225CDC5E0028DF69 /* FindMatch.cpp */; };
		EC65F64A225CDC5E0028DF69 /* FindMatch.cpp in Sources */ = {isa = PBXBuildFile; fileRef = EC65F647225CDC5E0028DF69 /* FindMatch.cpp */; };
		EC65F64C225CE3990028DF69 /* Cartoon Craft Language Sheet - language.csv in Resources */ = {isa = PBXBuildFile; fileRef = EC65F64B225CE3990028DF69 /* Cartoon Craft Language Sheet - language.csv */; };
		EC65F64D225CE3990028DF69 /* Cartoon Craft Language Sheet - language.csv in Resources */ = {isa = PBXBuildFile; fileRef = EC65F64B225CE3990028DF69 /* Cartoon Craft Language Sheet - language.csv */; };
		EC6B1DFA21B286B100C2081C /* CCUrlSprite.cpp in Sources */ = {isa = PBXBuildFile; fileRef = EC6B1DF921B286B100C2081C /* CCUrlSprite.cpp */; };
		EC6B1DFB21B286B100C2081C /* CCUrlSprite.cpp in Sources */ = {isa = PBXBuildFile; fileRef = EC6B1DF921B286B100C2081C /* CCUrlSprite.cpp */; };
		EC6B1DFE21B2882700C2081C /* CrossPromotion.cpp in Sources */ = {isa = PBXBuildFile; fileRef = EC6B1DFC21B2882700C2081C /* CrossPromotion.cpp */; };
		EC6B1DFF21B2882700C2081C /* CrossPromotion.cpp in Sources */ = {isa = PBXBuildFile; fileRef = EC6B1DFC21B2882700C2081C /* CrossPromotion.cpp */; };
		EC6B1E0121B2AF4700C2081C /* crossPromotion in Resources */ = {isa = PBXBuildFile; fileRef = EC6B1E0021B2AF4700C2081C /* crossPromotion */; };
		EC6B1E0221B2AF4700C2081C /* crossPromotion in Resources */ = {isa = PBXBuildFile; fileRef = EC6B1E0021B2AF4700C2081C /* crossPromotion */; };
		EC6B1E4021C327EC00C2081C /* FBSDKCoreKit.framework in Frameworks */ = {isa = PBXBuildFile; fileRef = EC6B1E3E21C327EC00C2081C /* FBSDKCoreKit.framework */; };
		EC6B1E4121C327EC00C2081C /* Bolts.framework in Frameworks */ = {isa = PBXBuildFile; fileRef = EC6B1E3F21C327EC00C2081C /* Bolts.framework */; };
		EC72B55921D4DC9800AF4010 /* BattleLobby.cpp in Sources */ = {isa = PBXBuildFile; fileRef = EC72B55721D4DC9800AF4010 /* BattleLobby.cpp */; };
		ED545A7C1B68A1F400C3958E /* libiconv.dylib in Frameworks */ = {isa = PBXBuildFile; fileRef = ED545A7B1B68A1F400C3958E /* libiconv.dylib */; };
		ED545A7E1B68A1FA00C3958E /* libiconv.dylib in Frameworks */ = {isa = PBXBuildFile; fileRef = ED545A7D1B68A1FA00C3958E /* libiconv.dylib */; };
/* End PBXBuildFile section */

/* Begin PBXContainerItemProxy section */
		1A7533E21F6F75F6007E8E6F /* PBXContainerItemProxy */ = {
			isa = PBXContainerItemProxy;
			containerPortal = 1AC6FAE5180E9839004C840B /* cocos2d_libs.xcodeproj */;
			proxyType = 2;
			remoteGlobalIDString = 507B40FD1C31BDD30067B53E;
			remoteInfo = "libcocos2d tvOS";
		};
		1AC6FAF8180E9839004C840B /* PBXContainerItemProxy */ = {
			isa = PBXContainerItemProxy;
			containerPortal = 1AC6FAE5180E9839004C840B /* cocos2d_libs.xcodeproj */;
			proxyType = 2;
			remoteGlobalIDString = 1551A33F158F2AB200E66CFE;
			remoteInfo = "cocos2dx Mac";
		};
		1AC6FB06180E9839004C840B /* PBXContainerItemProxy */ = {
			isa = PBXContainerItemProxy;
			containerPortal = 1AC6FAE5180E9839004C840B /* cocos2d_libs.xcodeproj */;
			proxyType = 2;
			remoteGlobalIDString = A07A4D641783777C0073F6A7;
			remoteInfo = "cocos2dx iOS";
		};
		1AC6FB15180E9959004C840B /* PBXContainerItemProxy */ = {
			isa = PBXContainerItemProxy;
			containerPortal = 1AC6FAE5180E9839004C840B /* cocos2d_libs.xcodeproj */;
			proxyType = 1;
			remoteGlobalIDString = 1551A33E158F2AB200E66CFE;
			remoteInfo = "cocos2dx Mac";
		};
		1AC6FB24180E99E1004C840B /* PBXContainerItemProxy */ = {
			isa = PBXContainerItemProxy;
			containerPortal = 1AC6FAE5180E9839004C840B /* cocos2d_libs.xcodeproj */;
			proxyType = 1;
			remoteGlobalIDString = A07A4C241783777C0073F6A7;
			remoteInfo = "cocos2dx iOS";
		};
/* End PBXContainerItemProxy section */

/* Begin PBXFileReference section */
		1A88B2631FC3D9C9005C14AE /* Images.xcassets */ = {isa = PBXFileReference; lastKnownFileType = folder.assetcatalog; path = Images.xcassets; sourceTree = "<group>"; };
		1AC6FAE5180E9839004C840B /* cocos2d_libs.xcodeproj */ = {isa = PBXFileReference; lastKnownFileType = "wrapper.pb-project"; name = cocos2d_libs.xcodeproj; path = ../cocos2d/build/cocos2d_libs.xcodeproj; sourceTree = "<group>"; };
		1ACB3243164770DE00914215 /* libcurl.a */ = {isa = PBXFileReference; lastKnownFileType = archive.ar; name = libcurl.a; path = ../../cocos2dx/platform/third_party/ios/libraries/libcurl.a; sourceTree = "<group>"; };
		1AF87B471F6F77D6007BE51C /* AppController.h */ = {isa = PBXFileReference; lastKnownFileType = sourcecode.c.h; path = AppController.h; sourceTree = "<group>"; };
		1AF87B481F6F77D6007BE51C /* AppController.mm */ = {isa = PBXFileReference; lastKnownFileType = sourcecode.cpp.objcpp; path = AppController.mm; sourceTree = "<group>"; };
		1AF87B581F6F77D6007BE51C /* Info.plist */ = {isa = PBXFileReference; lastKnownFileType = text.plist.xml; path = Info.plist; sourceTree = "<group>"; };
		1AF87B591F6F77D6007BE51C /* LaunchScreen.storyboard */ = {isa = PBXFileReference; lastKnownFileType = file.storyboard; path = LaunchScreen.storyboard; sourceTree = "<group>"; };
		1AF87B5A1F6F77D6007BE51C /* LaunchScreenBackground.png */ = {isa = PBXFileReference; lastKnownFileType = image.png; path = LaunchScreenBackground.png; sourceTree = "<group>"; };
		1AF87B5B1F6F77D6007BE51C /* main.m */ = {isa = PBXFileReference; lastKnownFileType = sourcecode.c.objc; path = main.m; sourceTree = "<group>"; };
		1AF87B5C1F6F77D6007BE51C /* Prefix.pch */ = {isa = PBXFileReference; lastKnownFileType = sourcecode.c.h; path = Prefix.pch; sourceTree = "<group>"; };
		1AF87B5D1F6F77D6007BE51C /* RootViewController.h */ = {isa = PBXFileReference; lastKnownFileType = sourcecode.c.h; path = RootViewController.h; sourceTree = "<group>"; };
		1AF87B5E1F6F77D6007BE51C /* RootViewController.mm */ = {isa = PBXFileReference; lastKnownFileType = sourcecode.cpp.objcpp; path = RootViewController.mm; sourceTree = "<group>"; };
		1D30AB110D05D00D00671497 /* Foundation.framework */ = {isa = PBXFileReference; lastKnownFileType = wrapper.framework; name = Foundation.framework; path = System/Library/Frameworks/Foundation.framework; sourceTree = SDKROOT; };
		1D6058910D05DD3D006BFB54 /* CartoonCraftNV-mobile.app */ = {isa = PBXFileReference; explicitFileType = wrapper.application; includeInIndex = 0; path = "CartoonCraftNV-mobile.app"; sourceTree = BUILT_PRODUCTS_DIR; };
		1DF5F4DF0D08C38300B7A737 /* UIKit.framework */ = {isa = PBXFileReference; lastKnownFileType = wrapper.framework; name = UIKit.framework; path = System/Library/Frameworks/UIKit.framework; sourceTree = SDKROOT; };
		288765A40DF7441C002DB57D /* CoreGraphics.framework */ = {isa = PBXFileReference; lastKnownFileType = wrapper.framework; name = CoreGraphics.framework; path = System/Library/Frameworks/CoreGraphics.framework; sourceTree = SDKROOT; };
		294D0D631D0D56D500F7F5D4 /* CoreText.framework */ = {isa = PBXFileReference; lastKnownFileType = wrapper.framework; name = CoreText.framework; path = Platforms/iPhoneOS.platform/Developer/SDKs/iPhoneOS.sdk/System/Library/Frameworks/CoreText.framework; sourceTree = DEVELOPER_DIR; };
		4E5205632A79FC6FBBB0C9BE /* Pods-CartoonCraftNV-mobile.debug.xcconfig */ = {isa = PBXFileReference; includeInIndex = 1; lastKnownFileType = text.xcconfig; name = "Pods-CartoonCraftNV-mobile.debug.xcconfig"; path = "Pods/Target Support Files/Pods-CartoonCraftNV-mobile/Pods-CartoonCraftNV-mobile.debug.xcconfig"; sourceTree = "<group>"; };
		503AE0F617EB97AB00D1A890 /* Icon.icns */ = {isa = PBXFileReference; lastKnownFileType = image.icns; path = Icon.icns; sourceTree = "<group>"; };
		503AE0F717EB97AB00D1A890 /* Info.plist */ = {isa = PBXFileReference; fileEncoding = 4; lastKnownFileType = text.plist.xml; path = Info.plist; sourceTree = "<group>"; };
		503AE10317EB98FF00D1A890 /* main.cpp */ = {isa = PBXFileReference; fileEncoding = 4; lastKnownFileType = sourcecode.cpp.cpp; name = main.cpp; path = mac/main.cpp; sourceTree = "<group>"; };
		503AE10417EB98FF00D1A890 /* Prefix.pch */ = {isa = PBXFileReference; fileEncoding = 4; lastKnownFileType = sourcecode.c.h; name = Prefix.pch; path = mac/Prefix.pch; sourceTree = "<group>"; };
		503AE11117EB99EE00D1A890 /* libcurl.dylib */ = {isa = PBXFileReference; lastKnownFileType = "compiled.mach-o.dylib"; name = libcurl.dylib; path = usr/lib/libcurl.dylib; sourceTree = SDKROOT; };
		503AE11A17EB9C5A00D1A890 /* IOKit.framework */ = {isa = PBXFileReference; lastKnownFileType = wrapper.framework; name = IOKit.framework; path = System/Library/Frameworks/IOKit.framework; sourceTree = SDKROOT; };
		5087E76F17EB910900C73F5D /* CartoonCraftNV-desktop.app */ = {isa = PBXFileReference; explicitFileType = wrapper.application; includeInIndex = 0; path = "CartoonCraftNV-desktop.app"; sourceTree = BUILT_PRODUCTS_DIR; };
		5087E78817EB974C00C73F5D /* AppKit.framework */ = {isa = PBXFileReference; lastKnownFileType = wrapper.framework; name = AppKit.framework; path = System/Library/Frameworks/AppKit.framework; sourceTree = SDKROOT; };
		5087E78A17EB975400C73F5D /* OpenGL.framework */ = {isa = PBXFileReference; lastKnownFileType = wrapper.framework; name = OpenGL.framework; path = System/Library/Frameworks/OpenGL.framework; sourceTree = SDKROOT; };
		52B47A461A53D09B004E4C60 /* Security.framework */ = {isa = PBXFileReference; lastKnownFileType = wrapper.framework; name = Security.framework; path = Platforms/iPhoneOS.platform/Developer/SDKs/iPhoneOS.sdk/System/Library/Frameworks/Security.framework; sourceTree = DEVELOPER_DIR; };
		8262943D1AAF051F00CB7CF7 /* Security.framework */ = {isa = PBXFileReference; lastKnownFileType = wrapper.framework; name = Security.framework; path = System/Library/Frameworks/Security.framework; sourceTree = SDKROOT; };
		8AFFC7F496422D03BFC58F48 /* libPods-CartoonCraftNV-mobile.a */ = {isa = PBXFileReference; explicitFileType = archive.ar; includeInIndex = 0; path = "libPods-CartoonCraftNV-mobile.a"; sourceTree = BUILT_PRODUCTS_DIR; };
		982CD7784062684FA8C91234 /* Pods-CartoonCraftNV-mobile.release.xcconfig */ = {isa = PBXFileReference; includeInIndex = 1; lastKnownFileType = text.xcconfig; name = "Pods-CartoonCraftNV-mobile.release.xcconfig"; path = "Pods/Target Support Files/Pods-CartoonCraftNV-mobile/Pods-CartoonCraftNV-mobile.release.xcconfig"; sourceTree = "<group>"; };
		BF170DB012928DE900B8313A /* OpenGLES.framework */ = {isa = PBXFileReference; lastKnownFileType = wrapper.framework; name = OpenGLES.framework; path = System/Library/Frameworks/OpenGLES.framework; sourceTree = SDKROOT; };
		BF170DB412928DE900B8313A /* libz.dylib */ = {isa = PBXFileReference; lastKnownFileType = "compiled.mach-o.dylib"; name = libz.dylib; path = usr/lib/libz.dylib; sourceTree = SDKROOT; };
		BF1C47EA1293683800B63C5D /* QuartzCore.framework */ = {isa = PBXFileReference; lastKnownFileType = wrapper.framework; name = QuartzCore.framework; path = System/Library/Frameworks/QuartzCore.framework; sourceTree = SDKROOT; };
		D44C620B132DFF330009C878 /* OpenAL.framework */ = {isa = PBXFileReference; lastKnownFileType = wrapper.framework; name = OpenAL.framework; path = System/Library/Frameworks/OpenAL.framework; sourceTree = SDKROOT; };
		D44C620D132DFF430009C878 /* AVFoundation.framework */ = {isa = PBXFileReference; lastKnownFileType = wrapper.framework; name = AVFoundation.framework; path = System/Library/Frameworks/AVFoundation.framework; sourceTree = SDKROOT; };
		D44C620F132DFF4E0009C878 /* AudioToolbox.framework */ = {isa = PBXFileReference; lastKnownFileType = wrapper.framework; name = AudioToolbox.framework; path = System/Library/Frameworks/AudioToolbox.framework; sourceTree = SDKROOT; };
		D6B0611A1803AB670077942B /* CoreMotion.framework */ = {isa = PBXFileReference; lastKnownFileType = wrapper.framework; name = CoreMotion.framework; path = Platforms/iPhoneOS.platform/Developer/SDKs/iPhoneOS.sdk/System/Library/Frameworks/CoreMotion.framework; sourceTree = DEVELOPER_DIR; };
		EC08EB992281550A0024D60B /* nanopb.framework */ = {isa = PBXFileReference; lastKnownFileType = wrapper.framework; name = nanopb.framework; path = ios/nanopb.framework; sourceTree = "<group>"; };
		EC08EB9B2281550A0024D60B /* GoogleAppMeasurement.framework */ = {isa = PBXFileReference; lastKnownFileType = wrapper.framework; name = GoogleAppMeasurement.framework; path = ios/GoogleAppMeasurement.framework; sourceTree = "<group>"; };
		EC08EB9C2281550A0024D60B /* GoogleMobileAds.framework */ = {isa = PBXFileReference; lastKnownFileType = wrapper.framework; name = GoogleMobileAds.framework; path = ios/GoogleMobileAds.framework; sourceTree = "<group>"; };
		EC08EB9D2281550A0024D60B /* GoogleUtilities.framework */ = {isa = PBXFileReference; lastKnownFileType = wrapper.framework; name = GoogleUtilities.framework; path = ios/GoogleUtilities.framework; sourceTree = "<group>"; };
		EC369738221D9BCC00681881 /* Node_Class.cpp */ = {isa = PBXFileReference; fileEncoding = 4; lastKnownFileType = sourcecode.cpp.cpp; path = Node_Class.cpp; sourceTree = "<group>"; };
		EC369739221D9BCC00681881 /* Location_Node_Class.h */ = {isa = PBXFileReference; fileEncoding = 4; lastKnownFileType = sourcecode.c.h; path = Location_Node_Class.h; sourceTree = "<group>"; };
		EC36973A221D9BCC00681881 /* Node_Class.h */ = {isa = PBXFileReference; fileEncoding = 4; lastKnownFileType = sourcecode.c.h; path = Node_Class.h; sourceTree = "<group>"; };
		EC36973B221D9BCC00681881 /* Location_Node_Class.cpp */ = {isa = PBXFileReference; fileEncoding = 4; lastKnownFileType = sourcecode.cpp.cpp; path = Location_Node_Class.cpp; sourceTree = "<group>"; };
		EC369766221DB11000681881 /* Cell.h */ = {isa = PBXFileReference; fileEncoding = 4; lastKnownFileType = sourcecode.c.h; path = Cell.h; sourceTree = "<group>"; };
		EC369767221DB11000681881 /* Array2D.h */ = {isa = PBXFileReference; fileEncoding = 4; lastKnownFileType = sourcecode.c.h; path = Array2D.h; sourceTree = "<group>"; };
		EC369768221DB12600681881 /* AStar.h */ = {isa = PBXFileReference; fileEncoding = 4; lastKnownFileType = sourcecode.c.h; path = AStar.h; sourceTree = "<group>"; };
		EC369769221DB12600681881 /* AStar.cpp */ = {isa = PBXFileReference; fileEncoding = 4; lastKnownFileType = sourcecode.cpp.cpp; path = AStar.cpp; sourceTree = "<group>"; };
		EC37968622D0E12D0064E660 /* whiteCircleLine.png */ = {isa = PBXFileReference; lastKnownFileType = image.png; path = whiteCircleLine.png; sourceTree = "<group>"; };
		EC37968822D0E12D0064E660 /* whiteShortLine.png */ = {isa = PBXFileReference; lastKnownFileType = image.png; path = whiteShortLine.png; sourceTree = "<group>"; };
		EC37968E22D0F52C0064E660 /* whiteBigCircle.png */ = {isa = PBXFileReference; lastKnownFileType = image.png; name = whiteBigCircle.png; path = res/whiteBigCircle.png; sourceTree = "<group>"; };
		EC37969122D1C4D90064E660 /* shadow.png */ = {isa = PBXFileReference; lastKnownFileType = image.png; path = shadow.png; sourceTree = "<group>"; };
		EC37969622D715DA0064E660 /* effect.plist */ = {isa = PBXFileReference; fileEncoding = 4; lastKnownFileType = text.plist.xml; path = effect.plist; sourceTree = "<group>"; };
		EC37969722D715DA0064E660 /* effect.png */ = {isa = PBXFileReference; lastKnownFileType = image.png; path = effect.png; sourceTree = "<group>"; };
		EC3A646321F6E58600CBA3DE /* cartoonCraftBuilding.png */ = {isa = PBXFileReference; lastKnownFileType = image.png; path = cartoonCraftBuilding.png; sourceTree = "<group>"; };
		EC3A646521F6E58600CBA3DE /* cartoonCraftBuilding.plist */ = {isa = PBXFileReference; fileEncoding = 4; lastKnownFileType = text.plist.xml; path = cartoonCraftBuilding.plist; sourceTree = "<group>"; };
		EC4106382243D35300F2748B /* spine */ = {isa = PBXFileReference; lastKnownFileType = folder; path = spine; sourceTree = "<group>"; };
		EC41063F2244422600F2748B /* BattleHud.cpp */ = {isa = PBXFileReference; fileEncoding = 4; lastKnownFileType = sourcecode.cpp.cpp; path = BattleHud.cpp; sourceTree = "<group>"; };
		EC4106402244422600F2748B /* BattleHud.h */ = {isa = PBXFileReference; fileEncoding = 4; lastKnownFileType = sourcecode.c.h; path = BattleHud.h; sourceTree = "<group>"; };
		EC4106432245F64C00F2748B /* cartoonCraftLanguageSheet */ = {isa = PBXFileReference; lastKnownFileType = folder; path = cartoonCraftLanguageSheet; sourceTree = "<group>"; };
		EC410647224D15FC00F2748B /* BuggyServerManager.h */ = {isa = PBXFileReference; fileEncoding = 4; lastKnownFileType = sourcecode.c.h; path = BuggyServerManager.h; sourceTree = "<group>"; };
		EC410648224D15FC00F2748B /* BuggyServerManager.cpp */ = {isa = PBXFileReference; fileEncoding = 4; lastKnownFileType = sourcecode.cpp.cpp; path = BuggyServerManager.cpp; sourceTree = "<group>"; };
		EC45565A2193144300B8F9C9 /* GameCenterHelper.mm */ = {isa = PBXFileReference; fileEncoding = 4; lastKnownFileType = sourcecode.cpp.objcpp; path = GameCenterHelper.mm; sourceTree = "<group>"; };
		EC45565C2193175C00B8F9C9 /* Ios_BillingManager.h */ = {isa = PBXFileReference; fileEncoding = 4; lastKnownFileType = sourcecode.c.h; path = Ios_BillingManager.h; sourceTree = "<group>"; };
		EC45565D2193175C00B8F9C9 /* Ios_BillingManager.mm */ = {isa = PBXFileReference; fileEncoding = 4; lastKnownFileType = sourcecode.cpp.objcpp; path = Ios_BillingManager.mm; sourceTree = "<group>"; };
		EC45565F2193181F00B8F9C9 /* NativeInterface.h */ = {isa = PBXFileReference; fileEncoding = 4; lastKnownFileType = sourcecode.c.h; path = NativeInterface.h; sourceTree = "<group>"; };
		EC455667219338B500B8F9C9 /* UnityAds.framework */ = {isa = PBXFileReference; lastKnownFileType = wrapper.framework; name = UnityAds.framework; path = ios/UnityAds.framework; sourceTree = "<group>"; };
		EC4D67B422C3C9FF00DB94F9 /* English */ = {isa = PBXFileReference; lastKnownFileType = text.plist.strings; name = English; path = English.lproj/InfoPlist.strings; sourceTree = "<group>"; };
		EC4D67B622C3CA0200DB94F9 /* ko */ = {isa = PBXFileReference; lastKnownFileType = text.plist.strings; name = ko; path = ko.lproj/InfoPlist.strings; sourceTree = "<group>"; };
		EC4EDC502178CA4C001C1C7E /* LegendDaryButton.h */ = {isa = PBXFileReference; fileEncoding = 4; lastKnownFileType = sourcecode.c.h; path = LegendDaryButton.h; sourceTree = "<group>"; };
		EC4EDC522178CA4C001C1C7E /* SneakyJoystick.cpp */ = {isa = PBXFileReference; fileEncoding = 4; lastKnownFileType = sourcecode.cpp.cpp; path = SneakyJoystick.cpp; sourceTree = "<group>"; };
		EC4EDC532178CA4C001C1C7E /* LanguageManager.cpp */ = {isa = PBXFileReference; fileEncoding = 4; lastKnownFileType = sourcecode.cpp.cpp; path = LanguageManager.cpp; sourceTree = "<group>"; };
		EC4EDC542178CA4C001C1C7E /* EditorHud.h */ = {isa = PBXFileReference; fileEncoding = 4; lastKnownFileType = sourcecode.c.h; path = EditorHud.h; sourceTree = "<group>"; };
		EC4EDC552178CA4C001C1C7E /* Inventory.h */ = {isa = PBXFileReference; fileEncoding = 4; lastKnownFileType = sourcecode.c.h; path = Inventory.h; sourceTree = "<group>"; };
		EC4EDC562178CA4C001C1C7E /* LegendDaryButton.cpp */ = {isa = PBXFileReference; fileEncoding = 4; lastKnownFileType = sourcecode.cpp.cpp; path = LegendDaryButton.cpp; sourceTree = "<group>"; };
		EC4EDC572178CA4C001C1C7E /* Enemies.cpp */ = {isa = PBXFileReference; fileEncoding = 4; lastKnownFileType = sourcecode.cpp.cpp; path = Enemies.cpp; sourceTree = "<group>"; };
		EC4EDC582178CA4C001C1C7E /* GameManager.h */ = {isa = PBXFileReference; fileEncoding = 4; lastKnownFileType = sourcecode.c.h; path = GameManager.h; sourceTree = "<group>"; };
		EC4EDC5A2178CA4C001C1C7E /* Intro.cpp */ = {isa = PBXFileReference; fileEncoding = 4; lastKnownFileType = sourcecode.cpp.cpp; path = Intro.cpp; sourceTree = "<group>"; };
		EC4EDC5B2178CA4C001C1C7E /* HudLayer.h */ = {isa = PBXFileReference; fileEncoding = 4; lastKnownFileType = sourcecode.c.h; path = HudLayer.h; sourceTree = "<group>"; };
		EC4EDC5C2178CA4C001C1C7E /* EventInfo.h */ = {isa = PBXFileReference; fileEncoding = 4; lastKnownFileType = sourcecode.c.h; path = EventInfo.h; sourceTree = "<group>"; };
		EC4EDC5D2178CA4C001C1C7E /* EventInfo.cpp */ = {isa = PBXFileReference; fileEncoding = 4; lastKnownFileType = sourcecode.cpp.cpp; path = EventInfo.cpp; sourceTree = "<group>"; };
		EC4EDC5E2178CA4D001C1C7E /* EditorWorld.h */ = {isa = PBXFileReference; fileEncoding = 4; lastKnownFileType = sourcecode.c.h; path = EditorWorld.h; sourceTree = "<group>"; };
		EC4EDC5F2178CA4D001C1C7E /* EndingCredit.h */ = {isa = PBXFileReference; fileEncoding = 4; lastKnownFileType = sourcecode.c.h; path = EndingCredit.h; sourceTree = "<group>"; };
		EC4EDC602178CA4D001C1C7E /* Fog.cpp */ = {isa = PBXFileReference; fileEncoding = 4; lastKnownFileType = sourcecode.cpp.cpp; path = Fog.cpp; sourceTree = "<group>"; };
		EC4EDC612178CA4D001C1C7E /* LanguageManager.h */ = {isa = PBXFileReference; fileEncoding = 4; lastKnownFileType = sourcecode.c.h; path = LanguageManager.h; sourceTree = "<group>"; };
		EC4EDC622178CA4D001C1C7E /* Title.cpp */ = {isa = PBXFileReference; fileEncoding = 4; lastKnownFileType = sourcecode.cpp.cpp; path = Title.cpp; sourceTree = "<group>"; };
		EC4EDC632178CA4D001C1C7E /* AppDelegate.cpp */ = {isa = PBXFileReference; fileEncoding = 4; lastKnownFileType = sourcecode.cpp.cpp; path = AppDelegate.cpp; sourceTree = "<group>"; };
		EC4EDC642178CA4D001C1C7E /* Intro.h */ = {isa = PBXFileReference; fileEncoding = 4; lastKnownFileType = sourcecode.c.h; path = Intro.h; sourceTree = "<group>"; };
		EC4EDC652178CA4D001C1C7E /* GameSharing.cpp */ = {isa = PBXFileReference; fileEncoding = 4; lastKnownFileType = sourcecode.cpp.cpp; path = GameSharing.cpp; sourceTree = "<group>"; };
		EC4EDC662178CA4D001C1C7E /* EditorWorld.cpp */ = {isa = PBXFileReference; fileEncoding = 4; lastKnownFileType = sourcecode.cpp.cpp; path = EditorWorld.cpp; sourceTree = "<group>"; };
		EC4EDC672178CA4D001C1C7E /* Movable.h */ = {isa = PBXFileReference; fileEncoding = 4; lastKnownFileType = sourcecode.c.h; path = Movable.h; sourceTree = "<group>"; };
		EC4EDC682178CA4D001C1C7E /* PPLabel.cpp */ = {isa = PBXFileReference; fileEncoding = 4; lastKnownFileType = sourcecode.cpp.cpp; path = PPLabel.cpp; sourceTree = "<group>"; };
		EC4EDC692178CA4E001C1C7E /* Enemies.h */ = {isa = PBXFileReference; fileEncoding = 4; lastKnownFileType = sourcecode.c.h; path = Enemies.h; sourceTree = "<group>"; };
		EC4EDC6B2178CA4E001C1C7E /* Laser.h */ = {isa = PBXFileReference; fileEncoding = 4; lastKnownFileType = sourcecode.c.h; path = Laser.h; sourceTree = "<group>"; };
		EC4EDC6C2178CA4E001C1C7E /* SneakyJoystick.h */ = {isa = PBXFileReference; fileEncoding = 4; lastKnownFileType = sourcecode.c.h; path = SneakyJoystick.h; sourceTree = "<group>"; };
		EC4EDC6F2178CA4E001C1C7E /* HelloWorldScene.h */ = {isa = PBXFileReference; fileEncoding = 4; lastKnownFileType = sourcecode.c.h; path = HelloWorldScene.h; sourceTree = "<group>"; };
		EC4EDC702178CA4E001C1C7E /* Inventory.cpp */ = {isa = PBXFileReference; fileEncoding = 4; lastKnownFileType = sourcecode.cpp.cpp; path = Inventory.cpp; sourceTree = "<group>"; };
		EC4EDC712178CA4E001C1C7E /* Movable.cpp */ = {isa = PBXFileReference; fileEncoding = 4; lastKnownFileType = sourcecode.cpp.cpp; path = Movable.cpp; sourceTree = "<group>"; };
		EC4EDC722178CA4F001C1C7E /* EndingCredit.cpp */ = {isa = PBXFileReference; fileEncoding = 4; lastKnownFileType = sourcecode.cpp.cpp; path = EndingCredit.cpp; sourceTree = "<group>"; };
		EC4EDC732178CA4F001C1C7E /* Fog.h */ = {isa = PBXFileReference; fileEncoding = 4; lastKnownFileType = sourcecode.c.h; path = Fog.h; sourceTree = "<group>"; };
		EC4EDC752178CA4F001C1C7E /* GameManager.cpp */ = {isa = PBXFileReference; fileEncoding = 4; lastKnownFileType = sourcecode.cpp.cpp; path = GameManager.cpp; sourceTree = "<group>"; };
		EC4EDC762178CA4F001C1C7E /* HelloWorldScene.cpp */ = {isa = PBXFileReference; fileEncoding = 4; lastKnownFileType = sourcecode.cpp.cpp; path = HelloWorldScene.cpp; sourceTree = "<group>"; };
		EC4EDC772178CA4F001C1C7E /* PPLabel.h */ = {isa = PBXFileReference; fileEncoding = 4; lastKnownFileType = sourcecode.c.h; path = PPLabel.h; sourceTree = "<group>"; };
		EC4EDC782178CA4F001C1C7E /* AwesomeDialogBox.cpp */ = {isa = PBXFileReference; fileEncoding = 4; lastKnownFileType = sourcecode.cpp.cpp; path = AwesomeDialogBox.cpp; sourceTree = "<group>"; };
		EC4EDC792178CA4F001C1C7E /* SneakyJoystickSkinnedBase.cpp */ = {isa = PBXFileReference; fileEncoding = 4; lastKnownFileType = sourcecode.cpp.cpp; path = SneakyJoystickSkinnedBase.cpp; sourceTree = "<group>"; };
		EC4EDC7A2178CA50001C1C7E /* HudLayer.cpp */ = {isa = PBXFileReference; fileEncoding = 4; lastKnownFileType = sourcecode.cpp.cpp; path = HudLayer.cpp; sourceTree = "<group>"; };
		EC4EDC7C2178CA50001C1C7E /* SneakyJoystickSkinnedBase.h */ = {isa = PBXFileReference; fileEncoding = 4; lastKnownFileType = sourcecode.c.h; path = SneakyJoystickSkinnedBase.h; sourceTree = "<group>"; };
		EC4EDC7D2178CA50001C1C7E /* GameSharing.h */ = {isa = PBXFileReference; fileEncoding = 4; lastKnownFileType = sourcecode.c.h; path = GameSharing.h; sourceTree = "<group>"; };
		EC4EDC7E2178CA50001C1C7E /* Title.h */ = {isa = PBXFileReference; fileEncoding = 4; lastKnownFileType = sourcecode.c.h; path = Title.h; sourceTree = "<group>"; };
		EC4EDC7F2178CA50001C1C7E /* AppDelegate.h */ = {isa = PBXFileReference; fileEncoding = 4; lastKnownFileType = sourcecode.c.h; path = AppDelegate.h; sourceTree = "<group>"; };
		EC4EDC802178CA51001C1C7E /* EditorHud.cpp */ = {isa = PBXFileReference; fileEncoding = 4; lastKnownFileType = sourcecode.cpp.cpp; path = EditorHud.cpp; sourceTree = "<group>"; };
		EC4EDC822178CA51001C1C7E /* Laser.cpp */ = {isa = PBXFileReference; fileEncoding = 4; lastKnownFileType = sourcecode.cpp.cpp; path = Laser.cpp; sourceTree = "<group>"; };
		EC4EDC832178CA51001C1C7E /* AwesomeDialogBox.h */ = {isa = PBXFileReference; fileEncoding = 4; lastKnownFileType = sourcecode.c.h; path = AwesomeDialogBox.h; sourceTree = "<group>"; };
		EC4EDCB92178CA62001C1C7E /* CartoonCraftNumber.png */ = {isa = PBXFileReference; lastKnownFileType = image.png; path = CartoonCraftNumber.png; sourceTree = "<group>"; };
		EC4EDCBA2178CA62001C1C7E /* cartoonCraft.png */ = {isa = PBXFileReference; lastKnownFileType = image.png; path = cartoonCraft.png; sourceTree = "<group>"; };
		EC4EDCBB2178CA62001C1C7E /* cartoonCraft.plist */ = {isa = PBXFileReference; fileEncoding = 4; lastKnownFileType = text.plist.xml; path = cartoonCraft.plist; sourceTree = "<group>"; };
		EC4EDCBC2178CA62001C1C7E /* sdkbox_config.json */ = {isa = PBXFileReference; fileEncoding = 4; lastKnownFileType = text.json; path = sdkbox_config.json; sourceTree = "<group>"; };
		EC4EDCBD2178CA62001C1C7E /* cartoonCraftEffect.plist */ = {isa = PBXFileReference; fileEncoding = 4; lastKnownFileType = text.plist.xml; path = cartoonCraftEffect.plist; sourceTree = "<group>"; };
		EC4EDCBE2178CA63001C1C7E /* CartoonCraftNumber.plist */ = {isa = PBXFileReference; fileEncoding = 4; lastKnownFileType = text.plist.xml; path = CartoonCraftNumber.plist; sourceTree = "<group>"; };
		EC4EDCBF2178CA63001C1C7E /* cartoonCraftEffect.png */ = {isa = PBXFileReference; lastKnownFileType = image.png; path = cartoonCraftEffect.png; sourceTree = "<group>"; };
		EC4EDCC02178CA63001C1C7E /* fonts */ = {isa = PBXFileReference; lastKnownFileType = folder; path = fonts; sourceTree = "<group>"; };
		EC4EDCC12178CA63001C1C7E /* useMapSetting */ = {isa = PBXFileReference; lastKnownFileType = folder; path = useMapSetting; sourceTree = "<group>"; };
		EC4EDCC32178CA63001C1C7E /* res */ = {isa = PBXFileReference; lastKnownFileType = folder; path = res; sourceTree = "<group>"; };
		EC4EDCC42178CA63001C1C7E /* animations.plist */ = {isa = PBXFileReference; fileEncoding = 4; lastKnownFileType = text.plist.xml; path = animations.plist; sourceTree = "<group>"; };
		EC4EDCC52178CA63001C1C7E /* tilemap */ = {isa = PBXFileReference; lastKnownFileType = folder; path = tilemap; sourceTree = "<group>"; };
		EC4EDCC62178CA63001C1C7E /* sounds */ = {isa = PBXFileReference; lastKnownFileType = folder; path = sounds; sourceTree = "<group>"; };
		EC4EDCE32179758C001C1C7E /* GameKit.framework */ = {isa = PBXFileReference; lastKnownFileType = wrapper.framework; name = GameKit.framework; path = Platforms/iPhoneOS.platform/Developer/SDKs/iPhoneOS11.2.sdk/System/Library/Frameworks/GameKit.framework; sourceTree = DEVELOPER_DIR; };
		EC4EDCE52179758F001C1C7E /* StoreKit.framework */ = {isa = PBXFileReference; lastKnownFileType = wrapper.framework; name = StoreKit.framework; path = Platforms/iPhoneOS.platform/Developer/SDKs/iPhoneOS11.2.sdk/System/Library/Frameworks/StoreKit.framework; sourceTree = DEVELOPER_DIR; };
		EC65F647225CDC5E0028DF69 /* FindMatch.cpp */ = {isa = PBXFileReference; lastKnownFileType = sourcecode.cpp.cpp; path = FindMatch.cpp; sourceTree = "<group>"; };
		EC65F648225CDC5E0028DF69 /* FindMatch.h */ = {isa = PBXFileReference; lastKnownFileType = sourcecode.c.h; path = FindMatch.h; sourceTree = "<group>"; };
		EC65F64B225CE3990028DF69 /* Cartoon Craft Language Sheet - language.csv */ = {isa = PBXFileReference; fileEncoding = 4; lastKnownFileType = text; path = "Cartoon Craft Language Sheet - language.csv"; sourceTree = "<group>"; };
		EC6B1DF721B286B100C2081C /* CCUrlSprite.h */ = {isa = PBXFileReference; fileEncoding = 4; lastKnownFileType = sourcecode.c.h; path = CCUrlSprite.h; sourceTree = "<group>"; };
		EC6B1DF921B286B100C2081C /* CCUrlSprite.cpp */ = {isa = PBXFileReference; fileEncoding = 4; lastKnownFileType = sourcecode.cpp.cpp; path = CCUrlSprite.cpp; sourceTree = "<group>"; };
		EC6B1DFC21B2882700C2081C /* CrossPromotion.cpp */ = {isa = PBXFileReference; lastKnownFileType = sourcecode.cpp.cpp; path = CrossPromotion.cpp; sourceTree = "<group>"; };
		EC6B1DFD21B2882700C2081C /* CrossPromotion.h */ = {isa = PBXFileReference; lastKnownFileType = sourcecode.c.h; path = CrossPromotion.h; sourceTree = "<group>"; };
		EC6B1E0021B2AF4700C2081C /* crossPromotion */ = {isa = PBXFileReference; lastKnownFileType = folder; path = crossPromotion; sourceTree = "<group>"; };
		EC6B1E3E21C327EC00C2081C /* FBSDKCoreKit.framework */ = {isa = PBXFileReference; lastKnownFileType = wrapper.framework; path = FBSDKCoreKit.framework; sourceTree = "<group>"; };
		EC6B1E3F21C327EC00C2081C /* Bolts.framework */ = {isa = PBXFileReference; lastKnownFileType = wrapper.framework; path = Bolts.framework; sourceTree = "<group>"; };
		EC72B55721D4DC9800AF4010 /* BattleLobby.cpp */ = {isa = PBXFileReference; lastKnownFileType = sourcecode.cpp.cpp; path = BattleLobby.cpp; sourceTree = "<group>"; };
		EC72B55821D4DC9800AF4010 /* BattleLobby.h */ = {isa = PBXFileReference; lastKnownFileType = sourcecode.c.h; path = BattleLobby.h; sourceTree = "<group>"; };
		ED545A7B1B68A1F400C3958E /* libiconv.dylib */ = {isa = PBXFileReference; lastKnownFileType = "compiled.mach-o.dylib"; name = libiconv.dylib; path = Platforms/iPhoneOS.platform/Developer/SDKs/iPhoneOS.sdk/usr/lib/libiconv.dylib; sourceTree = DEVELOPER_DIR; };
		ED545A7D1B68A1FA00C3958E /* libiconv.dylib */ = {isa = PBXFileReference; lastKnownFileType = "compiled.mach-o.dylib"; name = libiconv.dylib; path = usr/lib/libiconv.dylib; sourceTree = SDKROOT; };
/* End PBXFileReference section */

/* Begin PBXFrameworksBuildPhase section */
		1D60588F0D05DD3D006BFB54 /* Frameworks */ = {
			isa = PBXFrameworksBuildPhase;
			buildActionMask = 2147483647;
			files = (
				294D0D641D0D56D500F7F5D4 /* CoreText.framework in Frameworks */,
				EC6B1E4121C327EC00C2081C /* Bolts.framework in Frameworks */,
				EC08EB9E2281550A0024D60B /* nanopb.framework in Frameworks */,
				EC08EBA12281550A0024D60B /* GoogleUtilities.framework in Frameworks */,
				ED545A7C1B68A1F400C3958E /* libiconv.dylib in Frameworks */,
				52B47A471A53D09C004E4C60 /* Security.framework in Frameworks */,
				EC4EDCE62179758F001C1C7E /* StoreKit.framework in Frameworks */,
				1AC6FB30180E99EB004C840B /* libcocos2d iOS.a in Frameworks */,
				D6B0611B1803AB670077942B /* CoreMotion.framework in Frameworks */,
				1D60589F0D05DD5A006BFB54 /* Foundation.framework in Frameworks */,
				EC6B1E4021C327EC00C2081C /* FBSDKCoreKit.framework in Frameworks */,
				1DF5F4E00D08C38300B7A737 /* UIKit.framework in Frameworks */,
				EC08EB9F2281550A0024D60B /* GoogleAppMeasurement.framework in Frameworks */,
				288765A50DF7441C002DB57D /* CoreGraphics.framework in Frameworks */,
				BF171245129291EC00B8313A /* OpenGLES.framework in Frameworks */,
				EC08EBA02281550A0024D60B /* GoogleMobileAds.framework in Frameworks */,
				EC4EDCE42179758C001C1C7E /* GameKit.framework in Frameworks */,
				BF1712471292920000B8313A /* libz.dylib in Frameworks */,
				BF1C47F01293687400B63C5D /* QuartzCore.framework in Frameworks */,
				D44C620C132DFF330009C878 /* OpenAL.framework in Frameworks */,
				EC455668219338B500B8F9C9 /* UnityAds.framework in Frameworks */,
				D44C620E132DFF430009C878 /* AVFoundation.framework in Frameworks */,
				D44C6210132DFF4E0009C878 /* AudioToolbox.framework in Frameworks */,
				596A81E8DAA50B1E3B1D19AB /* libPods-CartoonCraftNV-mobile.a in Frameworks */,
			);
			runOnlyForDeploymentPostprocessing = 0;
		};
		5087E75C17EB910900C73F5D /* Frameworks */ = {
			isa = PBXFrameworksBuildPhase;
			buildActionMask = 2147483647;
			files = (
				ED545A7E1B68A1FA00C3958E /* libiconv.dylib in Frameworks */,
				1AC6FB21180E996B004C840B /* libcocos2d Mac.a in Frameworks */,
				5087E76717EB910900C73F5D /* libz.dylib in Frameworks */,
				8262943E1AAF051F00CB7CF7 /* Security.framework in Frameworks */,
				503AE11B17EB9C5A00D1A890 /* IOKit.framework in Frameworks */,
				5087E78B17EB975400C73F5D /* OpenGL.framework in Frameworks */,
				5087E78917EB974C00C73F5D /* AppKit.framework in Frameworks */,
				5087E76317EB910900C73F5D /* Foundation.framework in Frameworks */,
				5087E76817EB910900C73F5D /* QuartzCore.framework in Frameworks */,
				5087E76917EB910900C73F5D /* OpenAL.framework in Frameworks */,
				5087E76A17EB910900C73F5D /* AVFoundation.framework in Frameworks */,
				5087E76B17EB910900C73F5D /* AudioToolbox.framework in Frameworks */,
			);
			runOnlyForDeploymentPostprocessing = 0;
		};
/* End PBXFrameworksBuildPhase section */

/* Begin PBXGroup section */
		19C28FACFE9D520D11CA2CBB /* Products */ = {
			isa = PBXGroup;
			children = (
				1D6058910D05DD3D006BFB54 /* CartoonCraftNV-mobile.app */,
				5087E76F17EB910900C73F5D /* CartoonCraftNV-desktop.app */,
			);
			name = Products;
			sourceTree = "<group>";
		};
		1AC6FAE6180E9839004C840B /* Products */ = {
			isa = PBXGroup;
			children = (
				1AC6FAF9180E9839004C840B /* libcocos2d Mac.a */,
				1AC6FB07180E9839004C840B /* libcocos2d iOS.a */,
				1A7533E31F6F75F6007E8E6F /* libcocos2d tvOS.a */,
			);
			name = Products;
			sourceTree = "<group>";
		};
		1AF87B461F6F77D6007BE51C /* ios */ = {
			isa = PBXGroup;
			children = (
				1A88B2631FC3D9C9005C14AE /* Images.xcassets */,
				1AF87B471F6F77D6007BE51C /* AppController.h */,
				1AF87B481F6F77D6007BE51C /* AppController.mm */,
				1AF87B581F6F77D6007BE51C /* Info.plist */,
				1AF87B591F6F77D6007BE51C /* LaunchScreen.storyboard */,
				1AF87B5A1F6F77D6007BE51C /* LaunchScreenBackground.png */,
				1AF87B5B1F6F77D6007BE51C /* main.m */,
				1AF87B5C1F6F77D6007BE51C /* Prefix.pch */,
				1AF87B5D1F6F77D6007BE51C /* RootViewController.h */,
				1AF87B5E1F6F77D6007BE51C /* RootViewController.mm */,
				EC45565A2193144300B8F9C9 /* GameCenterHelper.mm */,
				EC45565C2193175C00B8F9C9 /* Ios_BillingManager.h */,
				EC45565D2193175C00B8F9C9 /* Ios_BillingManager.mm */,
			);
			path = ios;
			sourceTree = "<group>";
		};
		29B97314FDCFA39411CA2CEA /* CustomTemplate */ = {
			isa = PBXGroup;
			children = (
				EC4D67B522C3C9FF00DB94F9 /* InfoPlist.strings */,
				46880B8319C43A87006E1F66 /* Classes */,
				46880B7519C43A67006E1F66 /* Resources */,
				1AC6FAE5180E9839004C840B /* cocos2d_libs.xcodeproj */,
				29B97323FDCFA39411CA2CEA /* Frameworks */,
				1AF87B461F6F77D6007BE51C /* ios */,
				503AE10617EB990700D1A890 /* mac */,
				19C28FACFE9D520D11CA2CBB /* Products */,
				8427B9E332C0F97A0A3819DA /* Pods */,
			);
			name = CustomTemplate;
			sourceTree = "<group>";
		};
		29B97323FDCFA39411CA2CEA /* Frameworks */ = {
			isa = PBXGroup;
			children = (
				EC08EB9B2281550A0024D60B /* GoogleAppMeasurement.framework */,
				EC08EB9C2281550A0024D60B /* GoogleMobileAds.framework */,
				EC08EB9D2281550A0024D60B /* GoogleUtilities.framework */,
				EC08EB992281550A0024D60B /* nanopb.framework */,
				EC6B1E3F21C327EC00C2081C /* Bolts.framework */,
				EC6B1E3E21C327EC00C2081C /* FBSDKCoreKit.framework */,
				EC455667219338B500B8F9C9 /* UnityAds.framework */,
				EC4EDCE52179758F001C1C7E /* StoreKit.framework */,
				EC4EDCE32179758C001C1C7E /* GameKit.framework */,
				294D0D631D0D56D500F7F5D4 /* CoreText.framework */,
				ED545A7D1B68A1FA00C3958E /* libiconv.dylib */,
				ED545A7B1B68A1F400C3958E /* libiconv.dylib */,
				8262943D1AAF051F00CB7CF7 /* Security.framework */,
				52B47A461A53D09B004E4C60 /* Security.framework */,
				D6B0611A1803AB670077942B /* CoreMotion.framework */,
				503AE11A17EB9C5A00D1A890 /* IOKit.framework */,
				503AE11117EB99EE00D1A890 /* libcurl.dylib */,
				5087E78A17EB975400C73F5D /* OpenGL.framework */,
				5087E78817EB974C00C73F5D /* AppKit.framework */,
				1ACB3243164770DE00914215 /* libcurl.a */,
				BF170DB412928DE900B8313A /* libz.dylib */,
				D44C620F132DFF4E0009C878 /* AudioToolbox.framework */,
				D44C620D132DFF430009C878 /* AVFoundation.framework */,
				288765A40DF7441C002DB57D /* CoreGraphics.framework */,
				1D30AB110D05D00D00671497 /* Foundation.framework */,
				D44C620B132DFF330009C878 /* OpenAL.framework */,
				BF170DB012928DE900B8313A /* OpenGLES.framework */,
				BF1C47EA1293683800B63C5D /* QuartzCore.framework */,
				1DF5F4DF0D08C38300B7A737 /* UIKit.framework */,
				8AFFC7F496422D03BFC58F48 /* libPods-CartoonCraftNV-mobile.a */,
			);
			name = Frameworks;
			sourceTree = "<group>";
		};
		46880B7519C43A67006E1F66 /* Resources */ = {
			isa = PBXGroup;
			children = (
				EC37969622D715DA0064E660 /* effect.plist */,
				EC37969722D715DA0064E660 /* effect.png */,
				EC37969122D1C4D90064E660 /* shadow.png */,
				EC4EDCC42178CA63001C1C7E /* animations.plist */,
				EC4EDCBB2178CA62001C1C7E /* cartoonCraft.plist */,
				EC4EDCBA2178CA62001C1C7E /* cartoonCraft.png */,
				EC3A646521F6E58600CBA3DE /* cartoonCraftBuilding.plist */,
				EC3A646321F6E58600CBA3DE /* cartoonCraftBuilding.png */,
				EC65F64B225CE3990028DF69 /* Cartoon Craft Language Sheet - language.csv */,
				EC4EDCBD2178CA62001C1C7E /* cartoonCraftEffect.plist */,
				EC4EDCBF2178CA63001C1C7E /* cartoonCraftEffect.png */,
				EC4EDCBE2178CA63001C1C7E /* CartoonCraftNumber.plist */,
				EC4EDCB92178CA62001C1C7E /* CartoonCraftNumber.png */,
				EC37968E22D0F52C0064E660 /* whiteBigCircle.png */,
				EC37968622D0E12D0064E660 /* whiteCircleLine.png */,
				EC37968822D0E12D0064E660 /* whiteShortLine.png */,
				EC4106432245F64C00F2748B /* cartoonCraftLanguageSheet */,
				EC6B1E0021B2AF4700C2081C /* crossPromotion */,
				EC4EDCC02178CA63001C1C7E /* fonts */,
				EC4EDCC32178CA63001C1C7E /* res */,
				EC4EDCBC2178CA62001C1C7E /* sdkbox_config.json */,
				EC4106382243D35300F2748B /* spine */,
				EC4EDCC62178CA63001C1C7E /* sounds */,
				EC4EDCC52178CA63001C1C7E /* tilemap */,
				EC4EDCC12178CA63001C1C7E /* useMapSetting */,
			);
			name = Resources;
			path = ../Resources;
			sourceTree = "<group>";
		};
		46880B8319C43A87006E1F66 /* Classes */ = {
			isa = PBXGroup;
			children = (
				EC4EDC632178CA4D001C1C7E /* AppDelegate.cpp */,
				EC4EDC7F2178CA50001C1C7E /* AppDelegate.h */,
				EC369767221DB11000681881 /* Array2D.h */,
				EC369769221DB12600681881 /* AStar.cpp */,
				EC369768221DB12600681881 /* AStar.h */,
				EC4EDC782178CA4F001C1C7E /* AwesomeDialogBox.cpp */,
				EC4EDC832178CA51001C1C7E /* AwesomeDialogBox.h */,
				EC41063F2244422600F2748B /* BattleHud.cpp */,
				EC4106402244422600F2748B /* BattleHud.h */,
				EC72B55721D4DC9800AF4010 /* BattleLobby.cpp */,
				EC72B55821D4DC9800AF4010 /* BattleLobby.h */,
				EC410648224D15FC00F2748B /* BuggyServerManager.cpp */,
				EC410647224D15FC00F2748B /* BuggyServerManager.h */,
				EC6B1DF921B286B100C2081C /* CCUrlSprite.cpp */,
				EC6B1DF721B286B100C2081C /* CCUrlSprite.h */,
				EC369766221DB11000681881 /* Cell.h */,
				EC6B1DFC21B2882700C2081C /* CrossPromotion.cpp */,
				EC6B1DFD21B2882700C2081C /* CrossPromotion.h */,
				EC4EDC802178CA51001C1C7E /* EditorHud.cpp */,
				EC4EDC542178CA4C001C1C7E /* EditorHud.h */,
				EC4EDC662178CA4D001C1C7E /* EditorWorld.cpp */,
				EC4EDC5E2178CA4D001C1C7E /* EditorWorld.h */,
				EC4EDC722178CA4F001C1C7E /* EndingCredit.cpp */,
				EC4EDC5F2178CA4D001C1C7E /* EndingCredit.h */,
				EC4EDC572178CA4C001C1C7E /* Enemies.cpp */,
				EC4EDC692178CA4E001C1C7E /* Enemies.h */,
				EC4EDC5D2178CA4C001C1C7E /* EventInfo.cpp */,
				EC4EDC5C2178CA4C001C1C7E /* EventInfo.h */,
				EC65F647225CDC5E0028DF69 /* FindMatch.cpp */,
				EC65F648225CDC5E0028DF69 /* FindMatch.h */,
				EC4EDC602178CA4D001C1C7E /* Fog.cpp */,
				EC4EDC732178CA4F001C1C7E /* Fog.h */,
				EC4EDC752178CA4F001C1C7E /* GameManager.cpp */,
				EC4EDC582178CA4C001C1C7E /* GameManager.h */,
				EC4EDC652178CA4D001C1C7E /* GameSharing.cpp */,
				EC4EDC7D2178CA50001C1C7E /* GameSharing.h */,
				EC4EDC762178CA4F001C1C7E /* HelloWorldScene.cpp */,
				EC4EDC6F2178CA4E001C1C7E /* HelloWorldScene.h */,
				EC4EDC7A2178CA50001C1C7E /* HudLayer.cpp */,
				EC4EDC5B2178CA4C001C1C7E /* HudLayer.h */,
				EC4EDC5A2178CA4C001C1C7E /* Intro.cpp */,
				EC4EDC642178CA4D001C1C7E /* Intro.h */,
				EC4EDC702178CA4E001C1C7E /* Inventory.cpp */,
				EC4EDC552178CA4C001C1C7E /* Inventory.h */,
				EC4EDC532178CA4C001C1C7E /* LanguageManager.cpp */,
				EC4EDC612178CA4D001C1C7E /* LanguageManager.h */,
				EC4EDC822178CA51001C1C7E /* Laser.cpp */,
				EC4EDC6B2178CA4E001C1C7E /* Laser.h */,
				EC4EDC562178CA4C001C1C7E /* LegendDaryButton.cpp */,
				EC4EDC502178CA4C001C1C7E /* LegendDaryButton.h */,
				EC36973B221D9BCC00681881 /* Location_Node_Class.cpp */,
				EC369739221D9BCC00681881 /* Location_Node_Class.h */,
				EC4EDC712178CA4E001C1C7E /* Movable.cpp */,
				EC4EDC672178CA4D001C1C7E /* Movable.h */,
				EC45565F2193181F00B8F9C9 /* NativeInterface.h */,
				EC369738221D9BCC00681881 /* Node_Class.cpp */,
				EC36973A221D9BCC00681881 /* Node_Class.h */,
				EC4EDC682178CA4D001C1C7E /* PPLabel.cpp */,
				EC4EDC772178CA4F001C1C7E /* PPLabel.h */,
				EC4EDC522178CA4C001C1C7E /* SneakyJoystick.cpp */,
				EC4EDC6C2178CA4E001C1C7E /* SneakyJoystick.h */,
				EC4EDC792178CA4F001C1C7E /* SneakyJoystickSkinnedBase.cpp */,
				EC4EDC7C2178CA50001C1C7E /* SneakyJoystickSkinnedBase.h */,
				EC4EDC622178CA4D001C1C7E /* Title.cpp */,
				EC4EDC7E2178CA50001C1C7E /* Title.h */,
			);
			name = Classes;
			path = ../Classes;
			sourceTree = "<group>";
		};
		503AE0F517EB97AB00D1A890 /* Icons */ = {
			isa = PBXGroup;
			children = (
				503AE0F617EB97AB00D1A890 /* Icon.icns */,
				503AE0F717EB97AB00D1A890 /* Info.plist */,
			);
			name = Icons;
			path = mac;
			sourceTree = SOURCE_ROOT;
		};
		503AE10617EB990700D1A890 /* mac */ = {
			isa = PBXGroup;
			children = (
				503AE0F517EB97AB00D1A890 /* Icons */,
				503AE10317EB98FF00D1A890 /* main.cpp */,
				503AE10417EB98FF00D1A890 /* Prefix.pch */,
			);
			name = mac;
			sourceTree = "<group>";
		};
		8427B9E332C0F97A0A3819DA /* Pods */ = {
			isa = PBXGroup;
			children = (
				4E5205632A79FC6FBBB0C9BE /* Pods-CartoonCraftNV-mobile.debug.xcconfig */,
				982CD7784062684FA8C91234 /* Pods-CartoonCraftNV-mobile.release.xcconfig */,
			);
			name = Pods;
			sourceTree = "<group>";
		};
/* End PBXGroup section */

/* Begin PBXNativeTarget section */
		1D6058900D05DD3D006BFB54 /* CartoonCraftNV-mobile */ = {
			isa = PBXNativeTarget;
			buildConfigurationList = 1D6058960D05DD3E006BFB54 /* Build configuration list for PBXNativeTarget "CartoonCraftNV-mobile" */;
			buildPhases = (
				58679BD4E2B774DD5D097CDA /* [CP] Check Pods Manifest.lock */,
				1D60588D0D05DD3D006BFB54 /* Resources */,
				1D60588E0D05DD3D006BFB54 /* Sources */,
				1D60588F0D05DD3D006BFB54 /* Frameworks */,
			);
			buildRules = (
			);
			dependencies = (
				1AC6FB25180E99E1004C840B /* PBXTargetDependency */,
			);
			name = "CartoonCraftNV-mobile";
			productName = iphone;
			productReference = 1D6058910D05DD3D006BFB54 /* CartoonCraftNV-mobile.app */;
			productType = "com.apple.product-type.application";
		};
		5087E73D17EB910900C73F5D /* CartoonCraftNV-desktop */ = {
			isa = PBXNativeTarget;
			buildConfigurationList = 5087E76C17EB910900C73F5D /* Build configuration list for PBXNativeTarget "CartoonCraftNV-desktop" */;
			buildPhases = (
				5087E74817EB910900C73F5D /* Resources */,
				5087E75617EB910900C73F5D /* Sources */,
				5087E75C17EB910900C73F5D /* Frameworks */,
			);
			buildRules = (
			);
			dependencies = (
				1AC6FB16180E9959004C840B /* PBXTargetDependency */,
			);
			name = "CartoonCraftNV-desktop";
			productName = iphone;
			productReference = 5087E76F17EB910900C73F5D /* CartoonCraftNV-desktop.app */;
			productType = "com.apple.product-type.application";
		};
/* End PBXNativeTarget section */

/* Begin PBXProject section */
		29B97313FDCFA39411CA2CEA /* Project object */ = {
			isa = PBXProject;
			attributes = {
				LastUpgradeCheck = 0500;
				TargetAttributes = {
					1D6058900D05DD3D006BFB54 = {
						DevelopmentTeam = 7465DTDG4P;
						ProvisioningStyle = Automatic;
						SystemCapabilities = {
							com.apple.GameCenter = {
								enabled = 1;
							};
							com.apple.InAppPurchase = {
								enabled = 1;
							};
						};
					};
				};
			};
			buildConfigurationList = C01FCF4E08A954540054247B /* Build configuration list for PBXProject "CartoonCraftNV" */;
			compatibilityVersion = "Xcode 3.2";
			developmentRegion = English;
			hasScannedForEncodings = 1;
			knownRegions = (
				English,
				Japanese,
				French,
				German,
				ko,
			);
			mainGroup = 29B97314FDCFA39411CA2CEA /* CustomTemplate */;
			productRefGroup = 19C28FACFE9D520D11CA2CBB /* Products */;
			projectDirPath = "";
			projectReferences = (
				{
					ProductGroup = 1AC6FAE6180E9839004C840B /* Products */;
					ProjectRef = 1AC6FAE5180E9839004C840B /* cocos2d_libs.xcodeproj */;
				},
			);
			projectRoot = "";
			targets = (
				1D6058900D05DD3D006BFB54 /* CartoonCraftNV-mobile */,
				5087E73D17EB910900C73F5D /* CartoonCraftNV-desktop */,
			);
		};
/* End PBXProject section */

/* Begin PBXReferenceProxy section */
		1A7533E31F6F75F6007E8E6F /* libcocos2d tvOS.a */ = {
			isa = PBXReferenceProxy;
			fileType = archive.ar;
			path = "libcocos2d tvOS.a";
			remoteRef = 1A7533E21F6F75F6007E8E6F /* PBXContainerItemProxy */;
			sourceTree = BUILT_PRODUCTS_DIR;
		};
		1AC6FAF9180E9839004C840B /* libcocos2d Mac.a */ = {
			isa = PBXReferenceProxy;
			fileType = archive.ar;
			path = "libcocos2d Mac.a";
			remoteRef = 1AC6FAF8180E9839004C840B /* PBXContainerItemProxy */;
			sourceTree = BUILT_PRODUCTS_DIR;
		};
		1AC6FB07180E9839004C840B /* libcocos2d iOS.a */ = {
			isa = PBXReferenceProxy;
			fileType = archive.ar;
			path = "libcocos2d iOS.a";
			remoteRef = 1AC6FB06180E9839004C840B /* PBXContainerItemProxy */;
			sourceTree = BUILT_PRODUCTS_DIR;
		};
/* End PBXReferenceProxy section */

/* Begin PBXResourcesBuildPhase section */
		1D60588D0D05DD3D006BFB54 /* Resources */ = {
			isa = PBXResourcesBuildPhase;
			buildActionMask = 2147483647;
			files = (
				EC4EDCD52178CA63001C1C7E /* fonts in Resources */,
				EC37968922D0E12D0064E660 /* whiteCircleLine.png in Resources */,
				EC4EDCD32178CA63001C1C7E /* cartoonCraftEffect.png in Resources */,
				EC4106442245F64D00F2748B /* cartoonCraftLanguageSheet in Resources */,
				EC4EDCDD2178CA63001C1C7E /* animations.plist in Resources */,
				EC4EDCDF2178CA63001C1C7E /* tilemap in Resources */,
				EC37968B22D0E12D0064E660 /* whiteShortLine.png in Resources */,
				EC4EDCE12178CA63001C1C7E /* sounds in Resources */,
				EC4EDCCD2178CA63001C1C7E /* sdkbox_config.json in Resources */,
				EC4EDCC72178CA63001C1C7E /* CartoonCraftNumber.png in Resources */,
				1A88B2641FC3D9C9005C14AE /* Images.xcassets in Resources */,
				EC4D67B322C3C9FF00DB94F9 /* InfoPlist.strings in Resources */,
				EC4EDCC92178CA63001C1C7E /* cartoonCraft.png in Resources */,
				1AF87B891F6F781D007BE51C /* LaunchScreenBackground.png in Resources */,
				EC4EDCD12178CA63001C1C7E /* CartoonCraftNumber.plist in Resources */,
				EC4EDCCF2178CA63001C1C7E /* cartoonCraftEffect.plist in Resources */,
				EC4EDCCB2178CA63001C1C7E /* cartoonCraft.plist in Resources */,
				EC37969222D1C4D90064E660 /* shadow.png in Resources */,
				EC3A646621F6E58700CBA3DE /* cartoonCraftBuilding.png in Resources */,
				EC37969822D715DB0064E660 /* effect.plist in Resources */,
				EC4EDCDB2178CA63001C1C7E /* res in Resources */,
				EC3A646821F6E58700CBA3DE /* cartoonCraftBuilding.plist in Resources */,
				EC65F64C225CE3990028DF69 /* Cartoon Craft Language Sheet - language.csv in Resources */,
				EC6B1E0121B2AF4700C2081C /* crossPromotion in Resources */,
				EC4106392243D35300F2748B /* spine in Resources */,
				EC4EDCD72178CA63001C1C7E /* useMapSetting in Resources */,
				EC37969A22D715DB0064E660 /* effect.png in Resources */,
				EC37968F22D0F52D0064E660 /* whiteBigCircle.png in Resources */,
				1AF87B881F6F781D007BE51C /* LaunchScreen.storyboard in Resources */,
			);
			runOnlyForDeploymentPostprocessing = 0;
		};
		5087E74817EB910900C73F5D /* Resources */ = {
			isa = PBXResourcesBuildPhase;
			buildActionMask = 2147483647;
			files = (
				EC4EDCD22178CA63001C1C7E /* CartoonCraftNumber.plist in Resources */,
				EC4EDCC82178CA63001C1C7E /* CartoonCraftNumber.png in Resources */,
				EC4EDCD82178CA63001C1C7E /* useMapSetting in Resources */,
				EC3A646721F6E58700CBA3DE /* cartoonCraftBuilding.png in Resources */,
				EC3A646921F6E58700CBA3DE /* cartoonCraftBuilding.plist in Resources */,
				EC4EDCD02178CA63001C1C7E /* cartoonCraftEffect.plist in Resources */,
				EC4106452245F64D00F2748B /* cartoonCraftLanguageSheet in Resources */,
				503AE0F817EB97AB00D1A890 /* Icon.icns in Resources */,
				EC4EDCE22178CA63001C1C7E /* sounds in Resources */,
				EC4EDCE02178CA63001C1C7E /* tilemap in Resources */,
				EC37968C22D0E12D0064E660 /* whiteShortLine.png in Resources */,
				EC37969322D1C4D90064E660 /* shadow.png in Resources */,
				EC37969B22D715DB0064E660 /* effect.png in Resources */,
				EC4EDCDE2178CA63001C1C7E /* animations.plist in Resources */,
				EC41063A2243D35300F2748B /* spine in Resources */,
				EC4EDCD42178CA63001C1C7E /* cartoonCraftEffect.png in Resources */,
				EC37968A22D0E12D0064E660 /* whiteCircleLine.png in Resources */,
				EC65F64D225CE3990028DF69 /* Cartoon Craft Language Sheet - language.csv in Resources */,
				EC37969922D715DB0064E660 /* effect.plist in Resources */,
				EC4EDCCC2178CA63001C1C7E /* cartoonCraft.plist in Resources */,
				EC4EDCD62178CA63001C1C7E /* fonts in Resources */,
				EC4EDCCE2178CA63001C1C7E /* sdkbox_config.json in Resources */,
				EC4EDCDC2178CA63001C1C7E /* res in Resources */,
				EC4EDCCA2178CA63001C1C7E /* cartoonCraft.png in Resources */,
				EC6B1E0221B2AF4700C2081C /* crossPromotion in Resources */,
				EC37969022D0F52D0064E660 /* whiteBigCircle.png in Resources */,
			);
			runOnlyForDeploymentPostprocessing = 0;
		};
/* End PBXResourcesBuildPhase section */

/* Begin PBXShellScriptBuildPhase section */
		58679BD4E2B774DD5D097CDA /* [CP] Check Pods Manifest.lock */ = {
			isa = PBXShellScriptBuildPhase;
			buildActionMask = 2147483647;
			files = (
			);
			inputFileListPaths = (
			);
			inputPaths = (
				"${PODS_PODFILE_DIR_PATH}/Podfile.lock",
				"${PODS_ROOT}/Manifest.lock",
			);
			name = "[CP] Check Pods Manifest.lock";
			outputFileListPaths = (
			);
			outputPaths = (
				"$(DERIVED_FILE_DIR)/Pods-CartoonCraftNV-mobile-checkManifestLockResult.txt",
			);
			runOnlyForDeploymentPostprocessing = 0;
			shellPath = /bin/sh;
			shellScript = "diff \"${PODS_PODFILE_DIR_PATH}/Podfile.lock\" \"${PODS_ROOT}/Manifest.lock\" > /dev/null\nif [ $? != 0 ] ; then\n    # print error to STDERR\n    echo \"error: The sandbox is not in sync with the Podfile.lock. Run 'pod install' or update your CocoaPods installation.\" >&2\n    exit 1\nfi\n# This output is used by Xcode 'outputs' to avoid re-running this script phase.\necho \"SUCCESS\" > \"${SCRIPT_OUTPUT_FILE_0}\"\n";
			showEnvVarsInLog = 0;
		};
/* End PBXShellScriptBuildPhase section */

/* Begin PBXSourcesBuildPhase section */
		1D60588E0D05DD3D006BFB54 /* Sources */ = {
			isa = PBXSourcesBuildPhase;
			buildActionMask = 2147483647;
			files = (
				EC4EDC992178CA51001C1C7E /* GameSharing.cpp in Sources */,
				EC36973E221D9BCC00681881 /* Location_Node_Class.cpp in Sources */,
				EC4EDC952178CA51001C1C7E /* Title.cpp in Sources */,
				EC4EDC872178CA51001C1C7E /* SneakyJoystick.cpp in Sources */,
				EC4106412244422600F2748B /* BattleHud.cpp in Sources */,
				EC4EDC8D2178CA51001C1C7E /* Enemies.cpp in Sources */,
				EC4EDCAB2178CA51001C1C7E /* GameManager.cpp in Sources */,
				EC6B1DFA21B286B100C2081C /* CCUrlSprite.cpp in Sources */,
				1AF87B781F6F77F7007BE51C /* AppController.mm in Sources */,
				1AF87B8B1F6F782A007BE51C /* RootViewController.mm in Sources */,
				EC4EDC9B2178CA51001C1C7E /* EditorWorld.cpp in Sources */,
				1AF87B8A1F6F7822007BE51C /* main.m in Sources */,
				EC6B1DFE21B2882700C2081C /* CrossPromotion.cpp in Sources */,
				EC4EDC912178CA51001C1C7E /* EventInfo.cpp in Sources */,
				EC4EDC932178CA51001C1C7E /* Fog.cpp in Sources */,
				EC65F649225CDC5E0028DF69 /* FindMatch.cpp in Sources */,
				EC4EDCB12178CA51001C1C7E /* SneakyJoystickSkinnedBase.cpp in Sources */,
				EC4EDC8F2178CA51001C1C7E /* Intro.cpp in Sources */,
				EC45565E2193175C00B8F9C9 /* Ios_BillingManager.mm in Sources */,
				EC45565B2193144300B8F9C9 /* GameCenterHelper.mm in Sources */,
				EC4EDCAD2178CA51001C1C7E /* HelloWorldScene.cpp in Sources */,
				EC4EDCAF2178CA51001C1C7E /* AwesomeDialogBox.cpp in Sources */,
				EC72B55921D4DC9800AF4010 /* BattleLobby.cpp in Sources */,
				EC410649224D15FC00F2748B /* BuggyServerManager.cpp in Sources */,
				EC4EDCB52178CA51001C1C7E /* EditorHud.cpp in Sources */,
				EC4EDC9D2178CA51001C1C7E /* PPLabel.cpp in Sources */,
				EC4EDCA52178CA51001C1C7E /* Movable.cpp in Sources */,
				EC4EDCB72178CA51001C1C7E /* Laser.cpp in Sources */,
				EC4EDCB32178CA51001C1C7E /* HudLayer.cpp in Sources */,
				EC4EDC892178CA51001C1C7E /* LanguageManager.cpp in Sources */,
				EC4EDC8B2178CA51001C1C7E /* LegendDaryButton.cpp in Sources */,
				EC4EDCA72178CA51001C1C7E /* EndingCredit.cpp in Sources */,
				EC4EDCA32178CA51001C1C7E /* Inventory.cpp in Sources */,
				EC4EDC972178CA51001C1C7E /* AppDelegate.cpp in Sources */,
				EC36973C221D9BCC00681881 /* Node_Class.cpp in Sources */,
				EC36976A221DB12600681881 /* AStar.cpp in Sources */,
			);
			runOnlyForDeploymentPostprocessing = 0;
		};
		5087E75617EB910900C73F5D /* Sources */ = {
			isa = PBXSourcesBuildPhase;
			buildActionMask = 2147483647;
			files = (
				EC4EDCB82178CA51001C1C7E /* Laser.cpp in Sources */,
				EC4EDCAE2178CA51001C1C7E /* HelloWorldScene.cpp in Sources */,
				EC4EDC902178CA51001C1C7E /* Intro.cpp in Sources */,
				EC4EDCA42178CA51001C1C7E /* Inventory.cpp in Sources */,
				503AE10517EB98FF00D1A890 /* main.cpp in Sources */,
				EC6B1DFB21B286B100C2081C /* CCUrlSprite.cpp in Sources */,
				EC4EDCB02178CA51001C1C7E /* AwesomeDialogBox.cpp in Sources */,
				EC4EDC942178CA51001C1C7E /* Fog.cpp in Sources */,
				EC36976B221DB12600681881 /* AStar.cpp in Sources */,
				EC4EDC962178CA51001C1C7E /* Title.cpp in Sources */,
				EC4EDCAC2178CA51001C1C7E /* GameManager.cpp in Sources */,
				EC65F64A225CDC5E0028DF69 /* FindMatch.cpp in Sources */,
				EC4EDCA62178CA51001C1C7E /* Movable.cpp in Sources */,
				EC4EDC8E2178CA51001C1C7E /* Enemies.cpp in Sources */,
				EC36973F221D9BCC00681881 /* Location_Node_Class.cpp in Sources */,
				EC4106422244422600F2748B /* BattleHud.cpp in Sources */,
				EC41064A224D15FC00F2748B /* BuggyServerManager.cpp in Sources */,
				EC4EDC9A2178CA51001C1C7E /* GameSharing.cpp in Sources */,
				EC4EDC922178CA51001C1C7E /* EventInfo.cpp in Sources */,
				EC6B1DFF21B2882700C2081C /* CrossPromotion.cpp in Sources */,
				EC4EDC9E2178CA51001C1C7E /* PPLabel.cpp in Sources */,
				EC36973D221D9BCC00681881 /* Node_Class.cpp in Sources */,
				EC4EDCB62178CA51001C1C7E /* EditorHud.cpp in Sources */,
				EC4EDCB22178CA51001C1C7E /* SneakyJoystickSkinnedBase.cpp in Sources */,
				EC4EDC982178CA51001C1C7E /* AppDelegate.cpp in Sources */,
				EC4EDCB42178CA51001C1C7E /* HudLayer.cpp in Sources */,
				EC4EDC882178CA51001C1C7E /* SneakyJoystick.cpp in Sources */,
				EC4EDC9C2178CA51001C1C7E /* EditorWorld.cpp in Sources */,
				EC4EDC8C2178CA51001C1C7E /* LegendDaryButton.cpp in Sources */,
				EC4EDC8A2178CA51001C1C7E /* LanguageManager.cpp in Sources */,
				EC4EDCA82178CA51001C1C7E /* EndingCredit.cpp in Sources */,
			);
			runOnlyForDeploymentPostprocessing = 0;
		};
/* End PBXSourcesBuildPhase section */

/* Begin PBXTargetDependency section */
		1AC6FB16180E9959004C840B /* PBXTargetDependency */ = {
			isa = PBXTargetDependency;
			name = "cocos2dx Mac";
			targetProxy = 1AC6FB15180E9959004C840B /* PBXContainerItemProxy */;
		};
		1AC6FB25180E99E1004C840B /* PBXTargetDependency */ = {
			isa = PBXTargetDependency;
			name = "cocos2dx iOS";
			targetProxy = 1AC6FB24180E99E1004C840B /* PBXContainerItemProxy */;
		};
/* End PBXTargetDependency section */

/* Begin PBXVariantGroup section */
		EC4D67B522C3C9FF00DB94F9 /* InfoPlist.strings */ = {
			isa = PBXVariantGroup;
			children = (
				EC4D67B422C3C9FF00DB94F9 /* English */,
				EC4D67B622C3CA0200DB94F9 /* ko */,
			);
			name = InfoPlist.strings;
			sourceTree = "<group>";
		};
/* End PBXVariantGroup section */

/* Begin XCBuildConfiguration section */
		1D6058940D05DD3E006BFB54 /* Debug */ = {
			isa = XCBuildConfiguration;
			baseConfigurationReference = 4E5205632A79FC6FBBB0C9BE /* Pods-CartoonCraftNV-mobile.debug.xcconfig */;
			buildSettings = {
				ALWAYS_SEARCH_USER_PATHS = YES;
				ASSETCATALOG_COMPILER_APPICON_NAME = AppIcon;
				ASSETCATALOG_COMPILER_LAUNCHIMAGE_NAME = "LaunchImage-1";
				CLANG_ENABLE_MODULES = YES;
				CLANG_ENABLE_OBJC_WEAK = YES;
				CODE_SIGN_IDENTITY = "iPhone Developer";
				CODE_SIGN_STYLE = Automatic;
				COMPRESS_PNG_FILES = NO;
				DEVELOPMENT_TEAM = 7465DTDG4P;
				ENABLE_BITCODE = NO;
				FRAMEWORK_SEARCH_PATHS = (
					"$(inherited)",
					"$(PROJECT_DIR)/ios",
					"~/Documents/FacebookSDK",
					"$(PROJECT_DIR)",
					"$(PROJECT_DIR)/external-lib",
				);
				GCC_DYNAMIC_NO_PIC = NO;
				GCC_INLINES_ARE_PRIVATE_EXTERN = NO;
				GCC_PRECOMPILE_PREFIX_HEADER = YES;
				GCC_PREFIX_HEADER = ios/Prefix.pch;
				GCC_PREPROCESSOR_DEFINITIONS = (
					USE_FILE32API,
					"COCOS2D_DEBUG=1",
					"CC_ENABLE_CHIPMUNK_INTEGRATION=1",
				);
				GCC_SYMBOLS_PRIVATE_EXTERN = NO;
				HEADER_SEARCH_PATHS = "$(inherited)";
				INFOPLIST_FILE = ios/Info.plist;
				IPHONEOS_DEPLOYMENT_TARGET = 8.0;
				LIBRARY_SEARCH_PATHS = (
					"$(PROJECT_DIR)/external-lib/NaverLogin-thirdPartyModule",
					"$(PROJECT_DIR)/external-lib/ApiGateway-1.5.0",
				);
				OTHER_LDFLAGS = (
					"$(_COCOS_LIB_IOS_BEGIN)",
					"$(_COCOS_LIB_IOS_END)",
					"-ObjC",
				);
				PROVISIONING_PROFILE_SPECIFIER = "";
				SDKROOT = iphoneos;
				STRIP_PNG_TEXT = NO;
				TARGETED_DEVICE_FAMILY = "1,2";
				USER_HEADER_SEARCH_PATHS = "$(_COCOS_HEADER_IOS_BEGIN) $(_COCOS_HEADER_IOS_END)";
				VALID_ARCHS = "arm64 armv7";
			};
			name = Debug;
		};
		1D6058950D05DD3E006BFB54 /* Release */ = {
			isa = XCBuildConfiguration;
			baseConfigurationReference = 982CD7784062684FA8C91234 /* Pods-CartoonCraftNV-mobile.release.xcconfig */;
			buildSettings = {
				ALWAYS_SEARCH_USER_PATHS = YES;
				ASSETCATALOG_COMPILER_APPICON_NAME = AppIcon;
				ASSETCATALOG_COMPILER_LAUNCHIMAGE_NAME = "LaunchImage-1";
				CLANG_ENABLE_MODULES = YES;
				CLANG_ENABLE_OBJC_WEAK = YES;
				CODE_SIGN_IDENTITY = "iPhone Developer";
				CODE_SIGN_STYLE = Automatic;
				COMPRESS_PNG_FILES = NO;
				DEVELOPMENT_TEAM = 7465DTDG4P;
				ENABLE_BITCODE = NO;
				FRAMEWORK_SEARCH_PATHS = (
					"$(inherited)",
					"$(PROJECT_DIR)/ios",
					"~/Documents/FacebookSDK",
					"$(PROJECT_DIR)",
					"$(PROJECT_DIR)/external-lib",
				);
				GCC_INLINES_ARE_PRIVATE_EXTERN = NO;
				GCC_PRECOMPILE_PREFIX_HEADER = YES;
				GCC_PREFIX_HEADER = ios/Prefix.pch;
				GCC_PREPROCESSOR_DEFINITIONS = (
					USE_FILE32API,
					"CC_ENABLE_CHIPMUNK_INTEGRATION=1",
					NDEBUG,
				);
				GCC_SYMBOLS_PRIVATE_EXTERN = NO;
				HEADER_SEARCH_PATHS = "$(inherited)";
				INFOPLIST_FILE = ios/Info.plist;
				IPHONEOS_DEPLOYMENT_TARGET = 8.0;
				LIBRARY_SEARCH_PATHS = (
					"$(PROJECT_DIR)/external-lib/NaverLogin-thirdPartyModule",
					"$(PROJECT_DIR)/external-lib/ApiGateway-1.5.0",
				);
				OTHER_LDFLAGS = (
					"$(_COCOS_LIB_IOS_BEGIN)",
					"$(_COCOS_LIB_IOS_END)",
					"-ObjC",
				);
				PROVISIONING_PROFILE_SPECIFIER = "";
				SDKROOT = iphoneos;
				STRIP_PNG_TEXT = NO;
				TARGETED_DEVICE_FAMILY = "1,2";
				USER_HEADER_SEARCH_PATHS = "$(_COCOS_HEADER_IOS_BEGIN) $(_COCOS_HEADER_IOS_END)";
				VALID_ARCHS = "arm64 armv7";
			};
			name = Release;
		};
		5087E76D17EB910900C73F5D /* Debug */ = {
			isa = XCBuildConfiguration;
			buildSettings = {
				ALWAYS_SEARCH_USER_PATHS = YES;
				ARCHS = "$(ARCHS_STANDARD_64_BIT)";
				CLANG_CXX_LANGUAGE_STANDARD = "c++0x";
				CLANG_CXX_LIBRARY = "libc++";
				FRAMEWORK_SEARCH_PATHS = (
					"$(inherited)",
					"$(PROJECT_DIR)",
					"$(PROJECT_DIR)/external-lib",
				);
				GCC_DYNAMIC_NO_PIC = NO;
				GCC_INLINES_ARE_PRIVATE_EXTERN = NO;
				GCC_PRECOMPILE_PREFIX_HEADER = YES;
				GCC_PREFIX_HEADER = mac/Prefix.pch;
				GCC_PREPROCESSOR_DEFINITIONS = (
					USE_FILE32API,
					"COCOS2D_DEBUG=1",
					"CC_ENABLE_CHIPMUNK_INTEGRATION=1",
				);
				GCC_SYMBOLS_PRIVATE_EXTERN = NO;
				HEADER_SEARCH_PATHS = (
					"$(inherited)",
					"$(SRCROOT)/../cocos2d/external/glfw3/include/mac",
				);
				INFOPLIST_FILE = mac/Info.plist;
				LIBRARY_SEARCH_PATHS = (
					"$(PROJECT_DIR)/external-lib/NaverLogin-thirdPartyModule",
					"$(PROJECT_DIR)/external-lib/ApiGateway-1.5.0",
				);
				OTHER_LDFLAGS = (
					"$(_COCOS_LIB_MAC_BEGIN)",
					"$(_COCOS_LIB_MAC_END)",
				);
				USER_HEADER_SEARCH_PATHS = "$(_COCOS_HEADER_MAC_BEGIN) $(_COCOS_HEADER_MAC_END)";
			};
			name = Debug;
		};
		5087E76E17EB910900C73F5D /* Release */ = {
			isa = XCBuildConfiguration;
			buildSettings = {
				ALWAYS_SEARCH_USER_PATHS = YES;
				ARCHS = "$(ARCHS_STANDARD_64_BIT)";
				CLANG_CXX_LANGUAGE_STANDARD = "c++0x";
				CLANG_CXX_LIBRARY = "libc++";
				FRAMEWORK_SEARCH_PATHS = (
					"$(inherited)",
					"$(PROJECT_DIR)",
					"$(PROJECT_DIR)/external-lib",
				);
				GCC_INLINES_ARE_PRIVATE_EXTERN = NO;
				GCC_PRECOMPILE_PREFIX_HEADER = YES;
				GCC_PREFIX_HEADER = mac/Prefix.pch;
				GCC_PREPROCESSOR_DEFINITIONS = (
					USE_FILE32API,
					"CC_ENABLE_CHIPMUNK_INTEGRATION=1",
					NDEBUG,
				);
				GCC_SYMBOLS_PRIVATE_EXTERN = NO;
				HEADER_SEARCH_PATHS = (
					"$(inherited)",
					"$(SRCROOT)/../cocos2d/external/glfw3/include/mac",
				);
				INFOPLIST_FILE = mac/Info.plist;
				LIBRARY_SEARCH_PATHS = (
					"$(PROJECT_DIR)/external-lib/NaverLogin-thirdPartyModule",
					"$(PROJECT_DIR)/external-lib/ApiGateway-1.5.0",
				);
				OTHER_LDFLAGS = (
					"$(_COCOS_LIB_MAC_BEGIN)",
					"$(_COCOS_LIB_MAC_END)",
				);
				USER_HEADER_SEARCH_PATHS = "$(_COCOS_HEADER_MAC_BEGIN) $(_COCOS_HEADER_MAC_END)";
			};
			name = Release;
		};
		C01FCF4F08A954540054247B /* Debug */ = {
			isa = XCBuildConfiguration;
			buildSettings = {
				CLANG_CXX_LANGUAGE_STANDARD = "c++0x";
				CLANG_CXX_LIBRARY = "libc++";
				COPY_PHASE_STRIP = NO;
				GCC_OPTIMIZATION_LEVEL = 0;
				GCC_WARN_ABOUT_RETURN_TYPE = YES;
				GCC_WARN_UNUSED_VARIABLE = YES;
				HEADER_SEARCH_PATHS = (
					"$(SRCROOT)/../cocos2d",
					"$(SRCROOT)/../cocos2d/cocos/audio/include",
					"$(SRCROOT)/../cocos2d/cocos",
					"$(SRCROOT)/../cocos2d/extensions",
					"$(SRCROOT)/../cocos2d/external",
					"$(SRCROOT)/../cocos2d/external/chipmunk/include/chipmunk",
					"$(SRCROOT)/../cocos2d/cocos/editor-support",
				);
				IPHONEOS_DEPLOYMENT_TARGET = 6.0;
				MACOSX_DEPLOYMENT_TARGET = 10.7;
				ONLY_ACTIVE_ARCH = YES;
				PRODUCT_NAME = "$(TARGET_NAME)";
				SDKROOT = macosx;
			};
			name = Debug;
		};
		C01FCF5008A954540054247B /* Release */ = {
			isa = XCBuildConfiguration;
			buildSettings = {
				CLANG_CXX_LANGUAGE_STANDARD = "c++0x";
				CLANG_CXX_LIBRARY = "libc++";
				GCC_WARN_ABOUT_RETURN_TYPE = YES;
				GCC_WARN_UNUSED_VARIABLE = YES;
				HEADER_SEARCH_PATHS = (
					"$(SRCROOT)/../cocos2d",
					"$(SRCROOT)/../cocos2d/cocos/audio/include",
					"$(SRCROOT)/../cocos2d/cocos",
					"$(SRCROOT)/../cocos2d/extensions",
					"$(SRCROOT)/../cocos2d/external",
					"$(SRCROOT)/../cocos2d/external/chipmunk/include/chipmunk",
					"$(SRCROOT)/../cocos2d/cocos/editor-support",
				);
				IPHONEOS_DEPLOYMENT_TARGET = 6.0;
				MACOSX_DEPLOYMENT_TARGET = 10.7;
				OTHER_CFLAGS = "-DNS_BLOCK_ASSERTIONS=1";
				PRODUCT_NAME = "$(TARGET_NAME)";
				SDKROOT = macosx;
				VALIDATE_PRODUCT = YES;
			};
			name = Release;
		};
/* End XCBuildConfiguration section */

/* Begin XCConfigurationList section */
		1D6058960D05DD3E006BFB54 /* Build configuration list for PBXNativeTarget "CartoonCraftNV-mobile" */ = {
			isa = XCConfigurationList;
			buildConfigurations = (
				1D6058940D05DD3E006BFB54 /* Debug */,
				1D6058950D05DD3E006BFB54 /* Release */,
			);
			defaultConfigurationIsVisible = 0;
			defaultConfigurationName = Debug;
		};
		5087E76C17EB910900C73F5D /* Build configuration list for PBXNativeTarget "CartoonCraftNV-desktop" */ = {
			isa = XCConfigurationList;
			buildConfigurations = (
				5087E76D17EB910900C73F5D /* Debug */,
				5087E76E17EB910900C73F5D /* Release */,
			);
			defaultConfigurationIsVisible = 0;
			defaultConfigurationName = Debug;
		};
		C01FCF4E08A954540054247B /* Build configuration list for PBXProject "CartoonCraftNV" */ = {
			isa = XCConfigurationList;
			buildConfigurations = (
				C01FCF4F08A954540054247B /* Debug */,
				C01FCF5008A954540054247B /* Release */,
			);
			defaultConfigurationIsVisible = 0;
			defaultConfigurationName = Debug;
		};
/* End XCConfigurationList section */
	};
	rootObject = 29B97313FDCFA39411CA2CEA /* Project object */;
}
